// !$*UTF8*$!
{
	archiveVersion = 1;
	classes = {
	};
	objectVersion = 46;
	objects = {

/* Begin PBXBuildFile section */
		F9B88E981AB12E4700B9A63D /* main.m in Sources */ = {isa = PBXBuildFile; fileRef = F9B88E971AB12E4700B9A63D /* main.m */; };
		F9B88E9B1AB12E4700B9A63D /* AppDelegate.m in Sources */ = {isa = PBXBuildFile; fileRef = F9B88E9A1AB12E4700B9A63D /* AppDelegate.m */; };
		F9B88EA61AB12E4700B9A63D /* Images.xcassets in Resources */ = {isa = PBXBuildFile; fileRef = F9B88EA51AB12E4700B9A63D /* Images.xcassets */; };
		F9B88EB51AB12E4700B9A63D /* TabModelTests.m in Sources */ = {isa = PBXBuildFile; fileRef = F9B88EB41AB12E4700B9A63D /* TabModelTests.m */; };
		F9B88EBF1AB12EBC00B9A63D /* Default-568h@2x.png in Resources */ = {isa = PBXBuildFile; fileRef = F9B88EBE1AB12EBC00B9A63D /* Default-568h@2x.png */; };
		F9B88EC31AB12F2A00B9A63D /* FirstViewController.m in Sources */ = {isa = PBXBuildFile; fileRef = F9B88EC11AB12F2A00B9A63D /* FirstViewController.m */; };
		F9B88EC41AB12F2A00B9A63D /* FirstViewController.xib in Resources */ = {isa = PBXBuildFile; fileRef = F9B88EC21AB12F2A00B9A63D /* FirstViewController.xib */; };
		F9B88EC81AB12F3C00B9A63D /* SecondViewController.m in Sources */ = {isa = PBXBuildFile; fileRef = F9B88EC61AB12F3C00B9A63D /* SecondViewController.m */; };
		F9B88EC91AB12F3C00B9A63D /* SecondViewController.xib in Resources */ = {isa = PBXBuildFile; fileRef = F9B88EC71AB12F3C00B9A63D /* SecondViewController.xib */; };
/* End PBXBuildFile section */

/* Begin PBXContainerItemProxy section */
		F9B88EAF1AB12E4700B9A63D /* PBXContainerItemProxy */ = {
			isa = PBXContainerItemProxy;
			containerPortal = F9B88E8A1AB12E4700B9A63D /* Project object */;
			proxyType = 1;
			remoteGlobalIDString = F9B88E911AB12E4700B9A63D;
			remoteInfo = TabModel;
		};
/* End PBXContainerItemProxy section */

/* Begin PBXFileReference section */
		F9B88E921AB12E4700B9A63D /* TabModel.app */ = {isa = PBXFileReference; explicitFileType = wrapper.application; includeInIndex = 0; path = TabModel.app; sourceTree = BUILT_PRODUCTS_DIR; };
		F9B88E961AB12E4700B9A63D /* Info.plist */ = {isa = PBXFileReference; lastKnownFileType = text.plist.xml; path = Info.plist; sourceTree = "<group>"; };
		F9B88E971AB12E4700B9A63D /* main.m */ = {isa = PBXFileReference; lastKnownFileType = sourcecode.c.objc; path = main.m; sourceTree = "<group>"; };
		F9B88E991AB12E4700B9A63D /* AppDelegate.h */ = {isa = PBXFileReference; lastKnownFileType = sourcecode.c.h; path = AppDelegate.h; sourceTree = "<group>"; };
		F9B88E9A1AB12E4700B9A63D /* AppDelegate.m */ = {isa = PBXFileReference; lastKnownFileType = sourcecode.c.objc; path = AppDelegate.m; sourceTree = "<group>"; };
		F9B88EA51AB12E4700B9A63D /* Images.xcassets */ = {isa = PBXFileReference; lastKnownFileType = folder.assetcatalog; path = Images.xcassets; sourceTree = "<group>"; };
		F9B88EAE1AB12E4700B9A63D /* TabModelTests.xctest */ = {isa = PBXFileReference; explicitFileType = wrapper.cfbundle; includeInIndex = 0; path = TabModelTests.xctest; sourceTree = BUILT_PRODUCTS_DIR; };
		F9B88EB31AB12E4700B9A63D /* Info.plist */ = {isa = PBXFileReference; lastKnownFileType = text.plist.xml; path = Info.plist; sourceTree = "<group>"; };
		F9B88EB41AB12E4700B9A63D /* TabModelTests.m */ = {isa = PBXFileReference; lastKnownFileType = sourcecode.c.objc; path = TabModelTests.m; sourceTree = "<group>"; };
		F9B88EBE1AB12EBC00B9A63D /* Default-568h@2x.png */ = {isa = PBXFileReference; lastKnownFileType = image.png; path = "Default-568h@2x.png"; sourceTree = "<group>"; };
		F9B88EC01AB12F2A00B9A63D /* FirstViewController.h */ = {isa = PBXFileReference; fileEncoding = 4; lastKnownFileType = sourcecode.c.h; path = FirstViewController.h; sourceTree = "<group>"; };
		F9B88EC11AB12F2A00B9A63D /* FirstViewController.m */ = {isa = PBXFileReference; fileEncoding = 4; lastKnownFileType = sourcecode.c.objc; path = FirstViewController.m; sourceTree = "<group>"; };
		F9B88EC21AB12F2A00B9A63D /* FirstViewController.xib */ = {isa = PBXFileReference; fileEncoding = 4; lastKnownFileType = file.xib; path = FirstViewController.xib; sourceTree = "<group>"; };
		F9B88EC51AB12F3C00B9A63D /* SecondViewController.h */ = {isa = PBXFileReference; fileEncoding = 4; lastKnownFileType = sourcecode.c.h; path = SecondViewController.h; sourceTree = "<group>"; };
		F9B88EC61AB12F3C00B9A63D /* SecondViewController.m */ = {isa = PBXFileReference; fileEncoding = 4; lastKnownFileType = sourcecode.c.objc; path = SecondViewController.m; sourceTree = "<group>"; };
		F9B88EC71AB12F3C00B9A63D /* SecondViewController.xib */ = {isa = PBXFileReference; fileEncoding = 4; lastKnownFileType = file.xib; path = SecondViewController.xib; sourceTree = "<group>"; };
/* End PBXFileReference section */

/* Begin PBXFrameworksBuildPhase section */
		F9B88E8F1AB12E4700B9A63D /* Frameworks */ = {
			isa = PBXFrameworksBuildPhase;
			buildActionMask = 2147483647;
			files = (
			);
			runOnlyForDeploymentPostprocessing = 0;
		};
		F9B88EAB1AB12E4700B9A63D /* Frameworks */ = {
			isa = PBXFrameworksBuildPhase;
			buildActionMask = 2147483647;
			files = (
			);
			runOnlyForDeploymentPostprocessing = 0;
		};
/* End PBXFrameworksBuildPhase section */

/* Begin PBXGroup section */
		F9B88E891AB12E4700B9A63D = {
			isa = PBXGroup;
			children = (
				F9B88EBE1AB12EBC00B9A63D /* Default-568h@2x.png */,
				F9B88E941AB12E4700B9A63D /* TabModel */,
				F9B88EB11AB12E4700B9A63D /* TabModelTests */,
				F9B88E931AB12E4700B9A63D /* Products */,
			);
			sourceTree = "<group>";
		};
		F9B88E931AB12E4700B9A63D /* Products */ = {
			isa = PBXGroup;
			children = (
				F9B88E921AB12E4700B9A63D /* TabModel.app */,
				F9B88EAE1AB12E4700B9A63D /* TabModelTests.xctest */,
			);
			name = Products;
			sourceTree = "<group>";
		};
		F9B88E941AB12E4700B9A63D /* TabModel */ = {
			isa = PBXGroup;
			children = (
				F9B88E991AB12E4700B9A63D /* AppDelegate.h */,
				F9B88E9A1AB12E4700B9A63D /* AppDelegate.m */,
				F9B88EA51AB12E4700B9A63D /* Images.xcassets */,
				F9B88E951AB12E4700B9A63D /* Supporting Files */,
				F9B88EC01AB12F2A00B9A63D /* FirstViewController.h */,
				F9B88EC11AB12F2A00B9A63D /* FirstViewController.m */,
				F9B88EC21AB12F2A00B9A63D /* FirstViewController.xib */,
				F9B88EC51AB12F3C00B9A63D /* SecondViewController.h */,
				F9B88EC61AB12F3C00B9A63D /* SecondViewController.m */,
				F9B88EC71AB12F3C00B9A63D /* SecondViewController.xib */,
			);
			path = TabModel;
			sourceTree = "<group>";
		};
		F9B88E951AB12E4700B9A63D /* Supporting Files */ = {
			isa = PBXGroup;
			children = (
				F9B88E961AB12E4700B9A63D /* Info.plist */,
				F9B88E971AB12E4700B9A63D /* main.m */,
			);
			name = "Supporting Files";
			sourceTree = "<group>";
		};
		F9B88EB11AB12E4700B9A63D /* TabModelTests */ = {
			isa = PBXGroup;
			children = (
				F9B88EB41AB12E4700B9A63D /* TabModelTests.m */,
				F9B88EB21AB12E4700B9A63D /* Supporting Files */,
			);
			path = TabModelTests;
			sourceTree = "<group>";
		};
		F9B88EB21AB12E4700B9A63D /* Supporting Files */ = {
			isa = PBXGroup;
			children = (
				F9B88EB31AB12E4700B9A63D /* Info.plist */,
			);
			name = "Supporting Files";
			sourceTree = "<group>";
		};
/* End PBXGroup section */

/* Begin PBXNativeTarget section */
		F9B88E911AB12E4700B9A63D /* TabModel */ = {
			isa = PBXNativeTarget;
			buildConfigurationList = F9B88EB81AB12E4700B9A63D /* Build configuration list for PBXNativeTarget "TabModel" */;
			buildPhases = (
				F9B88E8E1AB12E4700B9A63D /* Sources */,
				F9B88E8F1AB12E4700B9A63D /* Frameworks */,
				F9B88E901AB12E4700B9A63D /* Resources */,
			);
			buildRules = (
			);
			dependencies = (
			);
			name = TabModel;
			productName = TabModel;
			productReference = F9B88E921AB12E4700B9A63D /* TabModel.app */;
			productType = "com.apple.product-type.application";
		};
		F9B88EAD1AB12E4700B9A63D /* TabModelTests */ = {
			isa = PBXNativeTarget;
			buildConfigurationList = F9B88EBB1AB12E4700B9A63D /* Build configuration list for PBXNativeTarget "TabModelTests" */;
			buildPhases = (
				F9B88EAA1AB12E4700B9A63D /* Sources */,
				F9B88EAB1AB12E4700B9A63D /* Frameworks */,
				F9B88EAC1AB12E4700B9A63D /* Resources */,
			);
			buildRules = (
			);
			dependencies = (
				F9B88EB01AB12E4700B9A63D /* PBXTargetDependency */,
			);
			name = TabModelTests;
			productName = TabModelTests;
			productReference = F9B88EAE1AB12E4700B9A63D /* TabModelTests.xctest */;
			productType = "com.apple.product-type.bundle.unit-test";
		};
/* End PBXNativeTarget section */

/* Begin PBXProject section */
		F9B88E8A1AB12E4700B9A63D /* Project object */ = {
			isa = PBXProject;
			attributes = {
				LastUpgradeCheck = 0610;
				ORGANIZATIONNAME = beila;
				TargetAttributes = {
					F9B88E911AB12E4700B9A63D = {
						CreatedOnToolsVersion = 6.1.1;
					};
					F9B88EAD1AB12E4700B9A63D = {
						CreatedOnToolsVersion = 6.1.1;
						TestTargetID = F9B88E911AB12E4700B9A63D;
					};
				};
			};
			buildConfigurationList = F9B88E8D1AB12E4700B9A63D /* Build configuration list for PBXProject "TabModel" */;
			compatibilityVersion = "Xcode 3.2";
			developmentRegion = English;
			hasScannedForEncodings = 0;
			knownRegions = (
				en,
				Base,
			);
			mainGroup = F9B88E891AB12E4700B9A63D;
			productRefGroup = F9B88E931AB12E4700B9A63D /* Products */;
			projectDirPath = "";
			projectRoot = "";
			targets = (
				F9B88E911AB12E4700B9A63D /* TabModel */,
				F9B88EAD1AB12E4700B9A63D /* TabModelTests */,
			);
		};
/* End PBXProject section */

/* Begin PBXResourcesBuildPhase section */
		F9B88E901AB12E4700B9A63D /* Resources */ = {
			isa = PBXResourcesBuildPhase;
			buildActionMask = 2147483647;
			files = (
				F9B88EC91AB12F3C00B9A63D /* SecondViewController.xib in Resources */,
				F9B88EA61AB12E4700B9A63D /* Images.xcassets in Resources */,
				F9B88EC41AB12F2A00B9A63D /* FirstViewController.xib in Resources */,
				F9B88EBF1AB12EBC00B9A63D /* Default-568h@2x.png in Resources */,
			);
			runOnlyForDeploymentPostprocessing = 0;
		};
		F9B88EAC1AB12E4700B9A63D /* Resources */ = {
			isa = PBXResourcesBuildPhase;
			buildActionMask = 2147483647;
			files = (
			);
			runOnlyForDeploymentPostprocessing = 0;
		};
/* End PBXResourcesBuildPhase section */

/* Begin PBXSourcesBuildPhase section */
		F9B88E8E1AB12E4700B9A63D /* Sources */ = {
			isa = PBXSourcesBuildPhase;
			buildActionMask = 2147483647;
			files = (
				F9B88EC81AB12F3C00B9A63D /* SecondViewController.m in Sources */,
				F9B88E9B1AB12E4700B9A63D /* AppDelegate.m in Sources */,
				F9B88EC31AB12F2A00B9A63D /* FirstViewController.m in Sources */,
				F9B88E981AB12E4700B9A63D /* main.m in Sources */,
			);
			runOnlyForDeploymentPostprocessing = 0;
		};
		F9B88EAA1AB12E4700B9A63D /* Sources */ = {
			isa = PBXSourcesBuildPhase;
			buildActionMask = 2147483647;
			files = (
				F9B88EB51AB12E4700B9A63D /* TabModelTests.m in Sources */,
			);
			runOnlyForDeploymentPostprocessing = 0;
		};
/* End PBXSourcesBuildPhase section */

/* Begin PBXTargetDependency section */
		F9B88EB01AB12E4700B9A63D /* PBXTargetDependency */ = {
			isa = PBXTargetDependency;
			target = F9B88E911AB12E4700B9A63D /* TabModel */;
			targetProxy = F9B88EAF1AB12E4700B9A63D /* PBXContainerItemProxy */;
		};
/* End PBXTargetDependency section */

/* Begin XCBuildConfiguration section */
		F9B88EB61AB12E4700B9A63D /* Debug */ = {
			isa = XCBuildConfiguration;
			buildSettings = {
				ALWAYS_SEARCH_USER_PATHS = NO;
				CLANG_CXX_LANGUAGE_STANDARD = "gnu++0x";
				CLANG_CXX_LIBRARY = "libc++";
				CLANG_ENABLE_MODULES = YES;
				CLANG_ENABLE_OBJC_ARC = YES;
				CLANG_WARN_BOOL_CONVERSION = YES;
				CLANG_WARN_CONSTANT_CONVERSION = YES;
				CLANG_WARN_DIRECT_OBJC_ISA_USAGE = YES_ERROR;
				CLANG_WARN_EMPTY_BODY = YES;
				CLANG_WARN_ENUM_CONVERSION = YES;
				CLANG_WARN_INT_CONVERSION = YES;
				CLANG_WARN_OBJC_ROOT_CLASS = YES_ERROR;
				CLANG_WARN_UNREACHABLE_CODE = YES;
				CLANG_WARN__DUPLICATE_METHOD_MATCH = YES;
				"CODE_SIGN_IDENTITY[sdk=iphoneos*]" = "iPhone Developer";
				COPY_PHASE_STRIP = NO;
				ENABLE_STRICT_OBJC_MSGSEND = YES;
				GCC_C_LANGUAGE_STANDARD = gnu99;
				GCC_DYNAMIC_NO_PIC = NO;
				GCC_OPTIMIZATION_LEVEL = 0;
				GCC_PREPROCESSOR_DEFINITIONS = (
					"DEBUG=1",
					"$(inherited)",
				);
				GCC_SYMBOLS_PRIVATE_EXTERN = NO;
				GCC_WARN_64_TO_32_BIT_CONVERSION = YES;
				GCC_WARN_ABOUT_RETURN_TYPE = YES_ERROR;
				GCC_WARN_UNDECLARED_SELECTOR = YES;
				GCC_WARN_UNINITIALIZED_AUTOS = YES_AGGRESSIVE;
				GCC_WARN_UNUSED_FUNCTION = YES;
				GCC_WARN_UNUSED_VARIABLE = YES;
				IPHONEOS_DEPLOYMENT_TARGET = 8.1;
				MTL_ENABLE_DEBUG_INFO = YES;
				ONLY_ACTIVE_ARCH = YES;
				SDKROOT = iphoneos;
			};
			name = Debug;
		};
		F9B88EB71AB12E4700B9A63D /* Release */ = {
			isa = XCBuildConfiguration;
			buildSettings = {
				ALWAYS_SEARCH_USER_PATHS = NO;
				CLANG_CXX_LANGUAGE_STANDARD = "gnu++0x";
				CLANG_CXX_LIBRARY = "libc++";
				CLANG_ENABLE_MODULES = YES;
				CLANG_ENABLE_OBJC_ARC = YES;
				CLANG_WARN_BOOL_CONVERSION = YES;
				CLANG_WARN_CONSTANT_CONVERSION = YES;
				CLANG_WARN_DIRECT_OBJC_ISA_USAGE = YES_ERROR;
				CLANG_WARN_EMPTY_BODY = YES;
				CLANG_WARN_ENUM_CONVERSION = YES;
				CLANG_WARN_INT_CONVERSION = YES;
				CLANG_WARN_OBJC_ROOT_CLASS = YES_ERROR;
				CLANG_WARN_UNREACHABLE_CODE = YES;
				CLANG_WARN__DUPLICATE_METHOD_MATCH = YES;
				"CODE_SIGN_IDENTITY[sdk=iphoneos*]" = "iPhone Developer";
				COPY_PHASE_STRIP = YES;
				ENABLE_NS_ASSERTIONS = NO;
				ENABLE_STRICT_OBJC_MSGSEND = YES;
				GCC_C_LANGUAGE_STANDARD = gnu99;
				GCC_WARN_64_TO_32_BIT_CONVERSION = YES;
				GCC_WARN_ABOUT_RETURN_TYPE = YES_ERROR;
				GCC_WARN_UNDECLARED_SELECTOR = YES;
				GCC_WARN_UNINITIALIZED_AUTOS = YES_AGGRESSIVE;
				GCC_WARN_UNUSED_FUNCTION = YES;
				GCC_WARN_UNUSED_VARIABLE = YES;
				IPHONEOS_DEPLOYMENT_TARGET = 8.1;
				MTL_ENABLE_DEBUG_INFO = NO;
				SDKROOT = iphoneos;
				VALIDATE_PRODUCT = YES;
			};
			name = Release;
		};
		F9B88EB91AB12E4700B9A63D /* Debug */ = {
			isa = XCBuildConfiguration;
			buildSettings = {
				ASSETCATALOG_COMPILER_APPICON_NAME = AppIcon;
				INFOPLIST_FILE = TabModel/Info.plist;
				LD_RUNPATH_SEARCH_PATHS = "$(inherited) @executable_path/Frameworks";
				PRODUCT_NAME = "$(TARGET_NAME)";
			};
			name = Debug;
		};
		F9B88EBA1AB12E4700B9A63D /* Release */ = {
			isa = XCBuildConfiguration;
			buildSettings = {
				ASSETCATALOG_COMPILER_APPICON_NAME = AppIcon;
				INFOPLIST_FILE = TabModel/Info.plist;
				LD_RUNPATH_SEARCH_PATHS = "$(inherited) @executable_path/Frameworks";
				PRODUCT_NAME = "$(TARGET_NAME)";
			};
			name = Release;
		};
		F9B88EBC1AB12E4700B9A63D /* Debug */ = {
			isa = XCBuildConfiguration;
			buildSettings = {
				BUNDLE_LOADER = "$(TEST_HOST)";
				FRAMEWORK_SEARCH_PATHS = (
					"$(SDKROOT)/Developer/Library/Frameworks",
					"$(inherited)",
				);
				GCC_PREPROCESSOR_DEFINITIONS = (
					"DEBUG=1",
					"$(inherited)",
				);
				INFOPLIST_FILE = TabModelTests/Info.plist;
				LD_RUNPATH_SEARCH_PATHS = "$(inherited) @executable_path/Frameworks @loader_path/Frameworks";
				PRODUCT_NAME = "$(TARGET_NAME)";
				TEST_HOST = "$(BUILT_PRODUCTS_DIR)/TabModel.app/TabModel";
			};
			name = Debug;
		};
		F9B88EBD1AB12E4700B9A63D /* Release */ = {
			isa = XCBuildConfiguration;
			buildSettings = {
				BUNDLE_LOADER = "$(TEST_HOST)";
				FRAMEWORK_SEARCH_PATHS = (
					"$(SDKROOT)/Developer/Library/Frameworks",
					"$(inherited)",
				);
				INFOPLIST_FILE = TabModelTests/Info.plist;
				LD_RUNPATH_SEARCH_PATHS = "$(inherited) @executable_path/Frameworks @loader_path/Frameworks";
				PRODUCT_NAME = "$(TARGET_NAME)";
				TEST_HOST = "$(BUILT_PRODUCTS_DIR)/TabModel.app/TabModel";
			};
			name = Release;
		};
/* End XCBuildConfiguration section */

/* Begin XCConfigurationList section */
		F9B88E8D1AB12E4700B9A63D /* Build configuration list for PBXProject "TabModel" */ = {
			isa = XCConfigurationList;
			buildConfigurations = (
				F9B88EB61AB12E4700B9A63D /* Debug */,
				F9B88EB71AB12E4700B9A63D /* Release */,
			);
			defaultConfigurationIsVisible = 0;
			defaultConfigurationName = Release;
		};
		F9B88EB81AB12E4700B9A63D /* Build configuration list for PBXNativeTarget "TabModel" */ = {
			isa = XCConfigurationList;
			buildConfigurations = (
				F9B88EB91AB12E4700B9A63D /* Debug */,
				F9B88EBA1AB12E4700B9A63D /* Release */,
			);
			defaultConfigurationIsVisible = 0;
		};
		F9B88EBB1AB12E4700B9A63D /* Build configuration list for PBXNativeTarget "TabModelTests" */ = {
			isa = XCConfigurationList;
			buildConfigurations = (
				F9B88EBC1AB12E4700B9A63D /* Debug */,
				F9B88EBD1AB12E4700B9A63D /* Release */,
			);
			defaultConfigurationIsVisible = 0;
		};
/* End XCConfigurationList section */
	};
	rootObject = F9B88E8A1AB12E4700B9A63D /* Project object */;
}
