// !$*UTF8*$!
{
	archiveVersion = 1;
	classes = {
	};
	objectVersion = 46;
	objects = {

/* Begin PBXBuildFile section */
		F9B88DA91AB01BDC00B9A63D /* main.m in Sources */ = {isa = PBXBuildFile; fileRef = F9B88DA81AB01BDC00B9A63D /* main.m */; };
		F9B88DAC1AB01BDC00B9A63D /* AppDelegate.m in Sources */ = {isa = PBXBuildFile; fileRef = F9B88DAB1AB01BDC00B9A63D /* AppDelegate.m */; };
		F9B88DB41AB01BDC00B9A63D /* Images.xcassets in Resources */ = {isa = PBXBuildFile; fileRef = F9B88DB31AB01BDC00B9A63D /* Images.xcassets */; };
		F9B88DC31AB01BDC00B9A63D /* TableTestTests.m in Sources */ = {isa = PBXBuildFile; fileRef = F9B88DC21AB01BDC00B9A63D /* TableTestTests.m */; };
		F9B88DCF1AB0204600B9A63D /* ViewController.m in Sources */ = {isa = PBXBuildFile; fileRef = F9B88DCD1AB0204600B9A63D /* ViewController.m */; };
		F9B88DD01AB0204600B9A63D /* ViewController.xib in Resources */ = {isa = PBXBuildFile; fileRef = F9B88DCE1AB0204600B9A63D /* ViewController.xib */; };
		F9B88DD41AB0245B00B9A63D /* TableViewCell.m in Sources */ = {isa = PBXBuildFile; fileRef = F9B88DD21AB0245B00B9A63D /* TableViewCell.m */; };
		F9B88DD51AB0245B00B9A63D /* TableViewCell.xib in Resources */ = {isa = PBXBuildFile; fileRef = F9B88DD31AB0245B00B9A63D /* TableViewCell.xib */; };
		F9B88DD71AB0257200B9A63D /* 뽀로로.jpg in Resources */ = {isa = PBXBuildFile; fileRef = F9B88DD61AB0257200B9A63D /* 뽀로로.jpg */; };
/* End PBXBuildFile section */

/* Begin PBXContainerItemProxy section */
		F9B88DBD1AB01BDC00B9A63D /* PBXContainerItemProxy */ = {
			isa = PBXContainerItemProxy;
			containerPortal = F9B88D9B1AB01BDC00B9A63D /* Project object */;
			proxyType = 1;
			remoteGlobalIDString = F9B88DA21AB01BDC00B9A63D;
			remoteInfo = TableTest;
		};
/* End PBXContainerItemProxy section */

/* Begin PBXFileReference section */
		F9B88DA31AB01BDC00B9A63D /* TableTest.app */ = {isa = PBXFileReference; explicitFileType = wrapper.application; includeInIndex = 0; path = TableTest.app; sourceTree = BUILT_PRODUCTS_DIR; };
		F9B88DA71AB01BDC00B9A63D /* Info.plist */ = {isa = PBXFileReference; lastKnownFileType = text.plist.xml; path = Info.plist; sourceTree = "<group>"; };
		F9B88DA81AB01BDC00B9A63D /* main.m */ = {isa = PBXFileReference; lastKnownFileType = sourcecode.c.objc; path = main.m; sourceTree = "<group>"; };
		F9B88DAA1AB01BDC00B9A63D /* AppDelegate.h */ = {isa = PBXFileReference; lastKnownFileType = sourcecode.c.h; path = AppDelegate.h; sourceTree = "<group>"; };
		F9B88DAB1AB01BDC00B9A63D /* AppDelegate.m */ = {isa = PBXFileReference; lastKnownFileType = sourcecode.c.objc; path = AppDelegate.m; sourceTree = "<group>"; };
		F9B88DB31AB01BDC00B9A63D /* Images.xcassets */ = {isa = PBXFileReference; lastKnownFileType = folder.assetcatalog; path = Images.xcassets; sourceTree = "<group>"; };
		F9B88DBC1AB01BDC00B9A63D /* TableTestTests.xctest */ = {isa = PBXFileReference; explicitFileType = wrapper.cfbundle; includeInIndex = 0; path = TableTestTests.xctest; sourceTree = BUILT_PRODUCTS_DIR; };
		F9B88DC11AB01BDC00B9A63D /* Info.plist */ = {isa = PBXFileReference; lastKnownFileType = text.plist.xml; path = Info.plist; sourceTree = "<group>"; };
		F9B88DC21AB01BDC00B9A63D /* TableTestTests.m */ = {isa = PBXFileReference; lastKnownFileType = sourcecode.c.objc; path = TableTestTests.m; sourceTree = "<group>"; };
		F9B88DCC1AB0204600B9A63D /* ViewController.h */ = {isa = PBXFileReference; fileEncoding = 4; lastKnownFileType = sourcecode.c.h; path = ViewController.h; sourceTree = "<group>"; };
		F9B88DCD1AB0204600B9A63D /* ViewController.m */ = {isa = PBXFileReference; fileEncoding = 4; lastKnownFileType = sourcecode.c.objc; path = ViewController.m; sourceTree = "<group>"; };
		F9B88DCE1AB0204600B9A63D /* ViewController.xib */ = {isa = PBXFileReference; fileEncoding = 4; lastKnownFileType = file.xib; path = ViewController.xib; sourceTree = "<group>"; };
		F9B88DD11AB0245B00B9A63D /* TableViewCell.h */ = {isa = PBXFileReference; fileEncoding = 4; lastKnownFileType = sourcecode.c.h; path = TableViewCell.h; sourceTree = "<group>"; };
		F9B88DD21AB0245B00B9A63D /* TableViewCell.m */ = {isa = PBXFileReference; fileEncoding = 4; lastKnownFileType = sourcecode.c.objc; path = TableViewCell.m; sourceTree = "<group>"; };
		F9B88DD31AB0245B00B9A63D /* TableViewCell.xib */ = {isa = PBXFileReference; fileEncoding = 4; lastKnownFileType = file.xib; path = TableViewCell.xib; sourceTree = "<group>"; };
		F9B88DD61AB0257200B9A63D /* 뽀로로.jpg */ = {isa = PBXFileReference; lastKnownFileType = image.jpeg; path = "뽀로로.jpg"; sourceTree = "<group>"; };
/* End PBXFileReference section */

/* Begin PBXFrameworksBuildPhase section */
		F9B88DA01AB01BDC00B9A63D /* Frameworks */ = {
			isa = PBXFrameworksBuildPhase;
			buildActionMask = 2147483647;
			files = (
			);
			runOnlyForDeploymentPostprocessing = 0;
		};
		F9B88DB91AB01BDC00B9A63D /* Frameworks */ = {
			isa = PBXFrameworksBuildPhase;
			buildActionMask = 2147483647;
			files = (
			);
			runOnlyForDeploymentPostprocessing = 0;
		};
/* End PBXFrameworksBuildPhase section */

/* Begin PBXGroup section */
		F9B88D9A1AB01BDC00B9A63D = {
			isa = PBXGroup;
			children = (
				F9B88DA51AB01BDC00B9A63D /* TableTest */,
				F9B88DBF1AB01BDC00B9A63D /* TableTestTests */,
				F9B88DA41AB01BDC00B9A63D /* Products */,
			);
			sourceTree = "<group>";
		};
		F9B88DA41AB01BDC00B9A63D /* Products */ = {
			isa = PBXGroup;
			children = (
				F9B88DA31AB01BDC00B9A63D /* TableTest.app */,
				F9B88DBC1AB01BDC00B9A63D /* TableTestTests.xctest */,
			);
			name = Products;
			sourceTree = "<group>";
		};
		F9B88DA51AB01BDC00B9A63D /* TableTest */ = {
			isa = PBXGroup;
			children = (
				F9B88DD61AB0257200B9A63D /* 뽀로로.jpg */,
				F9B88DAA1AB01BDC00B9A63D /* AppDelegate.h */,
				F9B88DAB1AB01BDC00B9A63D /* AppDelegate.m */,
				F9B88DB31AB01BDC00B9A63D /* Images.xcassets */,
				F9B88DA61AB01BDC00B9A63D /* Supporting Files */,
				F9B88DCC1AB0204600B9A63D /* ViewController.h */,
				F9B88DCD1AB0204600B9A63D /* ViewController.m */,
				F9B88DCE1AB0204600B9A63D /* ViewController.xib */,
				F9B88DD11AB0245B00B9A63D /* TableViewCell.h */,
				F9B88DD21AB0245B00B9A63D /* TableViewCell.m */,
				F9B88DD31AB0245B00B9A63D /* TableViewCell.xib */,
			);
			path = TableTest;
			sourceTree = "<group>";
		};
		F9B88DA61AB01BDC00B9A63D /* Supporting Files */ = {
			isa = PBXGroup;
			children = (
				F9B88DA71AB01BDC00B9A63D /* Info.plist */,
				F9B88DA81AB01BDC00B9A63D /* main.m */,
			);
			name = "Supporting Files";
			sourceTree = "<group>";
		};
		F9B88DBF1AB01BDC00B9A63D /* TableTestTests */ = {
			isa = PBXGroup;
			children = (
				F9B88DC21AB01BDC00B9A63D /* TableTestTests.m */,
				F9B88DC01AB01BDC00B9A63D /* Supporting Files */,
			);
			path = TableTestTests;
			sourceTree = "<group>";
		};
		F9B88DC01AB01BDC00B9A63D /* Supporting Files */ = {
			isa = PBXGroup;
			children = (
				F9B88DC11AB01BDC00B9A63D /* Info.plist */,
			);
			name = "Supporting Files";
			sourceTree = "<group>";
		};
/* End PBXGroup section */

/* Begin PBXNativeTarget section */
		F9B88DA21AB01BDC00B9A63D /* TableTest */ = {
			isa = PBXNativeTarget;
			buildConfigurationList = F9B88DC61AB01BDC00B9A63D /* Build configuration list for PBXNativeTarget "TableTest" */;
			buildPhases = (
				F9B88D9F1AB01BDC00B9A63D /* Sources */,
				F9B88DA01AB01BDC00B9A63D /* Frameworks */,
				F9B88DA11AB01BDC00B9A63D /* Resources */,
			);
			buildRules = (
			);
			dependencies = (
			);
			name = TableTest;
			productName = TableTest;
			productReference = F9B88DA31AB01BDC00B9A63D /* TableTest.app */;
			productType = "com.apple.product-type.application";
		};
		F9B88DBB1AB01BDC00B9A63D /* TableTestTests */ = {
			isa = PBXNativeTarget;
			buildConfigurationList = F9B88DC91AB01BDC00B9A63D /* Build configuration list for PBXNativeTarget "TableTestTests" */;
			buildPhases = (
				F9B88DB81AB01BDC00B9A63D /* Sources */,
				F9B88DB91AB01BDC00B9A63D /* Frameworks */,
				F9B88DBA1AB01BDC00B9A63D /* Resources */,
			);
			buildRules = (
			);
			dependencies = (
				F9B88DBE1AB01BDC00B9A63D /* PBXTargetDependency */,
			);
			name = TableTestTests;
			productName = TableTestTests;
			productReference = F9B88DBC1AB01BDC00B9A63D /* TableTestTests.xctest */;
			productType = "com.apple.product-type.bundle.unit-test";
		};
/* End PBXNativeTarget section */

/* Begin PBXProject section */
		F9B88D9B1AB01BDC00B9A63D /* Project object */ = {
			isa = PBXProject;
			attributes = {
				LastUpgradeCheck = 0610;
				ORGANIZATIONNAME = beila;
				TargetAttributes = {
					F9B88DA21AB01BDC00B9A63D = {
						CreatedOnToolsVersion = 6.1.1;
					};
					F9B88DBB1AB01BDC00B9A63D = {
						CreatedOnToolsVersion = 6.1.1;
						TestTargetID = F9B88DA21AB01BDC00B9A63D;
					};
				};
			};
			buildConfigurationList = F9B88D9E1AB01BDC00B9A63D /* Build configuration list for PBXProject "TableTest" */;
			compatibilityVersion = "Xcode 3.2";
			developmentRegion = English;
			hasScannedForEncodings = 0;
			knownRegions = (
				en,
				Base,
			);
			mainGroup = F9B88D9A1AB01BDC00B9A63D;
			productRefGroup = F9B88DA41AB01BDC00B9A63D /* Products */;
			projectDirPath = "";
			projectRoot = "";
			targets = (
				F9B88DA21AB01BDC00B9A63D /* TableTest */,
				F9B88DBB1AB01BDC00B9A63D /* TableTestTests */,
			);
		};
/* End PBXProject section */

/* Begin PBXResourcesBuildPhase section */
		F9B88DA11AB01BDC00B9A63D /* Resources */ = {
			isa = PBXResourcesBuildPhase;
			buildActionMask = 2147483647;
			files = (
				F9B88DD01AB0204600B9A63D /* ViewController.xib in Resources */,
				F9B88DD51AB0245B00B9A63D /* TableViewCell.xib in Resources */,
				F9B88DD71AB0257200B9A63D /* 뽀로로.jpg in Resources */,
				F9B88DB41AB01BDC00B9A63D /* Images.xcassets in Resources */,
			);
			runOnlyForDeploymentPostprocessing = 0;
		};
		F9B88DBA1AB01BDC00B9A63D /* Resources */ = {
			isa = PBXResourcesBuildPhase;
			buildActionMask = 2147483647;
			files = (
			);
			runOnlyForDeploymentPostprocessing = 0;
		};
/* End PBXResourcesBuildPhase section */

/* Begin PBXSourcesBuildPhase section */
		F9B88D9F1AB01BDC00B9A63D /* Sources */ = {
			isa = PBXSourcesBuildPhase;
			buildActionMask = 2147483647;
			files = (
				F9B88DCF1AB0204600B9A63D /* ViewController.m in Sources */,
				F9B88DD41AB0245B00B9A63D /* TableViewCell.m in Sources */,
				F9B88DAC1AB01BDC00B9A63D /* AppDelegate.m in Sources */,
				F9B88DA91AB01BDC00B9A63D /* main.m in Sources */,
			);
			runOnlyForDeploymentPostprocessing = 0;
		};
		F9B88DB81AB01BDC00B9A63D /* Sources */ = {
			isa = PBXSourcesBuildPhase;
			buildActionMask = 2147483647;
			files = (
				F9B88DC31AB01BDC00B9A63D /* TableTestTests.m in Sources */,
			);
			runOnlyForDeploymentPostprocessing = 0;
		};
/* End PBXSourcesBuildPhase section */

/* Begin PBXTargetDependency section */
		F9B88DBE1AB01BDC00B9A63D /* PBXTargetDependency */ = {
			isa = PBXTargetDependency;
			target = F9B88DA21AB01BDC00B9A63D /* TableTest */;
			targetProxy = F9B88DBD1AB01BDC00B9A63D /* PBXContainerItemProxy */;
		};
/* End PBXTargetDependency section */

/* Begin XCBuildConfiguration section */
		F9B88DC41AB01BDC00B9A63D /* Debug */ = {
			isa = XCBuildConfiguration;
			buildSettings = {
				ALWAYS_SEARCH_USER_PATHS = NO;
				CLANG_CXX_LANGUAGE_STANDARD = "gnu++0x";
				CLANG_CXX_LIBRARY = "libc++";
				CLANG_ENABLE_MODULES = YES;
				CLANG_ENABLE_OBJC_ARC = YES;
				CLANG_WARN_BOOL_CONVERSION = YES;
				CLANG_WARN_CONSTANT_CONVERSION = YES;
				CLANG_WARN_DIRECT_OBJC_ISA_USAGE = YES_ERROR;
				CLANG_WARN_EMPTY_BODY = YES;
				CLANG_WARN_ENUM_CONVERSION = YES;
				CLANG_WARN_INT_CONVERSION = YES;
				CLANG_WARN_OBJC_ROOT_CLASS = YES_ERROR;
				CLANG_WARN_UNREACHABLE_CODE = YES;
				CLANG_WARN__DUPLICATE_METHOD_MATCH = YES;
				"CODE_SIGN_IDENTITY[sdk=iphoneos*]" = "iPhone Developer";
				COPY_PHASE_STRIP = NO;
				ENABLE_STRICT_OBJC_MSGSEND = YES;
				GCC_C_LANGUAGE_STANDARD = gnu99;
				GCC_DYNAMIC_NO_PIC = NO;
				GCC_OPTIMIZATION_LEVEL = 0;
				GCC_PREPROCESSOR_DEFINITIONS = (
					"DEBUG=1",
					"$(inherited)",
				);
				GCC_SYMBOLS_PRIVATE_EXTERN = NO;
				GCC_WARN_64_TO_32_BIT_CONVERSION = YES;
				GCC_WARN_ABOUT_RETURN_TYPE = YES_ERROR;
				GCC_WARN_UNDECLARED_SELECTOR = YES;
				GCC_WARN_UNINITIALIZED_AUTOS = YES_AGGRESSIVE;
				GCC_WARN_UNUSED_FUNCTION = YES;
				GCC_WARN_UNUSED_VARIABLE = YES;
				IPHONEOS_DEPLOYMENT_TARGET = 8.1;
				MTL_ENABLE_DEBUG_INFO = YES;
				ONLY_ACTIVE_ARCH = YES;
				SDKROOT = iphoneos;
			};
			name = Debug;
		};
		F9B88DC51AB01BDC00B9A63D /* Release */ = {
			isa = XCBuildConfiguration;
			buildSettings = {
				ALWAYS_SEARCH_USER_PATHS = NO;
				CLANG_CXX_LANGUAGE_STANDARD = "gnu++0x";
				CLANG_CXX_LIBRARY = "libc++";
				CLANG_ENABLE_MODULES = YES;
				CLANG_ENABLE_OBJC_ARC = YES;
				CLANG_WARN_BOOL_CONVERSION = YES;
				CLANG_WARN_CONSTANT_CONVERSION = YES;
				CLANG_WARN_DIRECT_OBJC_ISA_USAGE = YES_ERROR;
				CLANG_WARN_EMPTY_BODY = YES;
				CLANG_WARN_ENUM_CONVERSION = YES;
				CLANG_WARN_INT_CONVERSION = YES;
				CLANG_WARN_OBJC_ROOT_CLASS = YES_ERROR;
				CLANG_WARN_UNREACHABLE_CODE = YES;
				CLANG_WARN__DUPLICATE_METHOD_MATCH = YES;
				"CODE_SIGN_IDENTITY[sdk=iphoneos*]" = "iPhone Developer";
				COPY_PHASE_STRIP = YES;
				ENABLE_NS_ASSERTIONS = NO;
				ENABLE_STRICT_OBJC_MSGSEND = YES;
				GCC_C_LANGUAGE_STANDARD = gnu99;
				GCC_WARN_64_TO_32_BIT_CONVERSION = YES;
				GCC_WARN_ABOUT_RETURN_TYPE = YES_ERROR;
				GCC_WARN_UNDECLARED_SELECTOR = YES;
				GCC_WARN_UNINITIALIZED_AUTOS = YES_AGGRESSIVE;
				GCC_WARN_UNUSED_FUNCTION = YES;
				GCC_WARN_UNUSED_VARIABLE = YES;
				IPHONEOS_DEPLOYMENT_TARGET = 8.1;
				MTL_ENABLE_DEBUG_INFO = NO;
				SDKROOT = iphoneos;
				VALIDATE_PRODUCT = YES;
			};
			name = Release;
		};
		F9B88DC71AB01BDC00B9A63D /* Debug */ = {
			isa = XCBuildConfiguration;
			buildSettings = {
				ASSETCATALOG_COMPILER_APPICON_NAME = AppIcon;
				ASSETCATALOG_COMPILER_LAUNCHIMAGE_NAME = LaunchImage;
				INFOPLIST_FILE = TableTest/Info.plist;
				LD_RUNPATH_SEARCH_PATHS = "$(inherited) @executable_path/Frameworks";
				PRODUCT_NAME = "$(TARGET_NAME)";
			};
			name = Debug;
		};
		F9B88DC81AB01BDC00B9A63D /* Release */ = {
			isa = XCBuildConfiguration;
			buildSettings = {
				ASSETCATALOG_COMPILER_APPICON_NAME = AppIcon;
				ASSETCATALOG_COMPILER_LAUNCHIMAGE_NAME = LaunchImage;
				INFOPLIST_FILE = TableTest/Info.plist;
				LD_RUNPATH_SEARCH_PATHS = "$(inherited) @executable_path/Frameworks";
				PRODUCT_NAME = "$(TARGET_NAME)";
			};
			name = Release;
		};
		F9B88DCA1AB01BDC00B9A63D /* Debug */ = {
			isa = XCBuildConfiguration;
			buildSettings = {
				BUNDLE_LOADER = "$(TEST_HOST)";
				FRAMEWORK_SEARCH_PATHS = (
					"$(SDKROOT)/Developer/Library/Frameworks",
					"$(inherited)",
				);
				GCC_PREPROCESSOR_DEFINITIONS = (
					"DEBUG=1",
					"$(inherited)",
				);
				INFOPLIST_FILE = TableTestTests/Info.plist;
				LD_RUNPATH_SEARCH_PATHS = "$(inherited) @executable_path/Frameworks @loader_path/Frameworks";
				PRODUCT_NAME = "$(TARGET_NAME)";
				TEST_HOST = "$(BUILT_PRODUCTS_DIR)/TableTest.app/TableTest";
			};
			name = Debug;
		};
		F9B88DCB1AB01BDC00B9A63D /* Release */ = {
			isa = XCBuildConfiguration;
			buildSettings = {
				BUNDLE_LOADER = "$(TEST_HOST)";
				FRAMEWORK_SEARCH_PATHS = (
					"$(SDKROOT)/Developer/Library/Frameworks",
					"$(inherited)",
				);
				INFOPLIST_FILE = TableTestTests/Info.plist;
				LD_RUNPATH_SEARCH_PATHS = "$(inherited) @executable_path/Frameworks @loader_path/Frameworks";
				PRODUCT_NAME = "$(TARGET_NAME)";
				TEST_HOST = "$(BUILT_PRODUCTS_DIR)/TableTest.app/TableTest";
			};
			name = Release;
		};
/* End XCBuildConfiguration section */

/* Begin XCConfigurationList section */
		F9B88D9E1AB01BDC00B9A63D /* Build configuration list for PBXProject "TableTest" */ = {
			isa = XCConfigurationList;
			buildConfigurations = (
				F9B88DC41AB01BDC00B9A63D /* Debug */,
				F9B88DC51AB01BDC00B9A63D /* Release */,
			);
			defaultConfigurationIsVisible = 0;
			defaultConfigurationName = Release;
		};
		F9B88DC61AB01BDC00B9A63D /* Build configuration list for PBXNativeTarget "TableTest" */ = {
			isa = XCConfigurationList;
			buildConfigurations = (
				F9B88DC71AB01BDC00B9A63D /* Debug */,
				F9B88DC81AB01BDC00B9A63D /* Release */,
			);
			defaultConfigurationIsVisible = 0;
		};
		F9B88DC91AB01BDC00B9A63D /* Build configuration list for PBXNativeTarget "TableTestTests" */ = {
			isa = XCConfigurationList;
			buildConfigurations = (
				F9B88DCA1AB01BDC00B9A63D /* Debug */,
				F9B88DCB1AB01BDC00B9A63D /* Release */,
			);
			defaultConfigurationIsVisible = 0;
		};
/* End XCConfigurationList section */
	};
	rootObject = F9B88D9B1AB01BDC00B9A63D /* Project object */;
}
