// !$*UTF8*$!
{
	archiveVersion = 1;
	classes = {
	};
	objectVersion = 46;
	objects = {

/* Begin PBXBuildFile section */
		BCC633F716E19C450028CF71 /* UIKit.framework in Frameworks */ = {isa = PBXBuildFile; fileRef = BCC633F616E19C450028CF71 /* UIKit.framework */; };
		BCC633F916E19C450028CF71 /* Foundation.framework in Frameworks */ = {isa = PBXBuildFile; fileRef = BCC633F816E19C450028CF71 /* Foundation.framework */; };
		BCC633FB16E19C450028CF71 /* CoreGraphics.framework in Frameworks */ = {isa = PBXBuildFile; fileRef = BCC633FA16E19C450028CF71 /* CoreGraphics.framework */; };
		BCC6340116E19C450028CF71 /* InfoPlist.strings in Resources */ = {isa = PBXBuildFile; fileRef = BCC633FF16E19C450028CF71 /* InfoPlist.strings */; };
		BCC6340316E19C450028CF71 /* main.m in Sources */ = {isa = PBXBuildFile; fileRef = BCC6340216E19C450028CF71 /* main.m */; };
		BCC6340716E19C450028CF71 /* AppDelegate.m in Sources */ = {isa = PBXBuildFile; fileRef = BCC6340616E19C450028CF71 /* AppDelegate.m */; };
		BCC6340916E19C450028CF71 /* Default.png in Resources */ = {isa = PBXBuildFile; fileRef = BCC6340816E19C450028CF71 /* Default.png */; };
		BCC6340B16E19C450028CF71 /* Default@2x.png in Resources */ = {isa = PBXBuildFile; fileRef = BCC6340A16E19C450028CF71 /* Default@2x.png */; };
		BCC6340D16E19C450028CF71 /* Default-568h@2x.png in Resources */ = {isa = PBXBuildFile; fileRef = BCC6340C16E19C450028CF71 /* Default-568h@2x.png */; };
		BCC6341016E19C450028CF71 /* ViewController.m in Sources */ = {isa = PBXBuildFile; fileRef = BCC6340F16E19C450028CF71 /* ViewController.m */; };
		BCC6341316E19C450028CF71 /* ViewController.xib in Resources */ = {isa = PBXBuildFile; fileRef = BCC6341116E19C450028CF71 /* ViewController.xib */; };
		BCC6341B16E19C450028CF71 /* SenTestingKit.framework in Frameworks */ = {isa = PBXBuildFile; fileRef = BCC6341A16E19C450028CF71 /* SenTestingKit.framework */; };
		BCC6341C16E19C450028CF71 /* UIKit.framework in Frameworks */ = {isa = PBXBuildFile; fileRef = BCC633F616E19C450028CF71 /* UIKit.framework */; };
		BCC6341D16E19C450028CF71 /* Foundation.framework in Frameworks */ = {isa = PBXBuildFile; fileRef = BCC633F816E19C450028CF71 /* Foundation.framework */; };
		BCC6342516E19C450028CF71 /* InfoPlist.strings in Resources */ = {isa = PBXBuildFile; fileRef = BCC6342316E19C450028CF71 /* InfoPlist.strings */; };
		BCC6342816E19C450028CF71 /* AnimationSampleTests.m in Sources */ = {isa = PBXBuildFile; fileRef = BCC6342716E19C450028CF71 /* AnimationSampleTests.m */; };
/* End PBXBuildFile section */

/* Begin PBXContainerItemProxy section */
		BCC6341E16E19C450028CF71 /* PBXContainerItemProxy */ = {
			isa = PBXContainerItemProxy;
			containerPortal = BCC633EB16E19C450028CF71 /* Project object */;
			proxyType = 1;
			remoteGlobalIDString = BCC633F216E19C450028CF71;
			remoteInfo = AnimationSample;
		};
/* End PBXContainerItemProxy section */

/* Begin PBXFileReference section */
		BCC633F316E19C450028CF71 /* AnimationSample.app */ = {isa = PBXFileReference; explicitFileType = wrapper.application; includeInIndex = 0; path = AnimationSample.app; sourceTree = BUILT_PRODUCTS_DIR; };
		BCC633F616E19C450028CF71 /* UIKit.framework */ = {isa = PBXFileReference; lastKnownFileType = wrapper.framework; name = UIKit.framework; path = System/Library/Frameworks/UIKit.framework; sourceTree = SDKROOT; };
		BCC633F816E19C450028CF71 /* Foundation.framework */ = {isa = PBXFileReference; lastKnownFileType = wrapper.framework; name = Foundation.framework; path = System/Library/Frameworks/Foundation.framework; sourceTree = SDKROOT; };
		BCC633FA16E19C450028CF71 /* CoreGraphics.framework */ = {isa = PBXFileReference; lastKnownFileType = wrapper.framework; name = CoreGraphics.framework; path = System/Library/Frameworks/CoreGraphics.framework; sourceTree = SDKROOT; };
		BCC633FE16E19C450028CF71 /* AnimationSample-Info.plist */ = {isa = PBXFileReference; lastKnownFileType = text.plist.xml; path = "AnimationSample-Info.plist"; sourceTree = "<group>"; };
		BCC6340016E19C450028CF71 /* en */ = {isa = PBXFileReference; lastKnownFileType = text.plist.strings; name = en; path = en.lproj/InfoPlist.strings; sourceTree = "<group>"; };
		BCC6340216E19C450028CF71 /* main.m */ = {isa = PBXFileReference; lastKnownFileType = sourcecode.c.objc; path = main.m; sourceTree = "<group>"; };
		BCC6340416E19C450028CF71 /* AnimationSample-Prefix.pch */ = {isa = PBXFileReference; lastKnownFileType = sourcecode.c.h; path = "AnimationSample-Prefix.pch"; sourceTree = "<group>"; };
		BCC6340516E19C450028CF71 /* AppDelegate.h */ = {isa = PBXFileReference; lastKnownFileType = sourcecode.c.h; path = AppDelegate.h; sourceTree = "<group>"; };
		BCC6340616E19C450028CF71 /* AppDelegate.m */ = {isa = PBXFileReference; lastKnownFileType = sourcecode.c.objc; path = AppDelegate.m; sourceTree = "<group>"; };
		BCC6340816E19C450028CF71 /* Default.png */ = {isa = PBXFileReference; lastKnownFileType = image.png; path = Default.png; sourceTree = "<group>"; };
		BCC6340A16E19C450028CF71 /* Default@2x.png */ = {isa = PBXFileReference; lastKnownFileType = image.png; path = "Default@2x.png"; sourceTree = "<group>"; };
		BCC6340C16E19C450028CF71 /* Default-568h@2x.png */ = {isa = PBXFileReference; lastKnownFileType = image.png; path = "Default-568h@2x.png"; sourceTree = "<group>"; };
		BCC6340E16E19C450028CF71 /* ViewController.h */ = {isa = PBXFileReference; lastKnownFileType = sourcecode.c.h; path = ViewController.h; sourceTree = "<group>"; };
		BCC6340F16E19C450028CF71 /* ViewController.m */ = {isa = PBXFileReference; lastKnownFileType = sourcecode.c.objc; path = ViewController.m; sourceTree = "<group>"; };
		BCC6341216E19C450028CF71 /* en */ = {isa = PBXFileReference; lastKnownFileType = file.xib; name = en; path = en.lproj/ViewController.xib; sourceTree = "<group>"; };
		BCC6341916E19C450028CF71 /* AnimationSampleTests.octest */ = {isa = PBXFileReference; explicitFileType = wrapper.cfbundle; includeInIndex = 0; path = AnimationSampleTests.octest; sourceTree = BUILT_PRODUCTS_DIR; };
		BCC6341A16E19C450028CF71 /* SenTestingKit.framework */ = {isa = PBXFileReference; lastKnownFileType = wrapper.framework; name = SenTestingKit.framework; path = Library/Frameworks/SenTestingKit.framework; sourceTree = DEVELOPER_DIR; };
		BCC6342216E19C450028CF71 /* AnimationSampleTests-Info.plist */ = {isa = PBXFileReference; lastKnownFileType = text.plist.xml; path = "AnimationSampleTests-Info.plist"; sourceTree = "<group>"; };
		BCC6342416E19C450028CF71 /* en */ = {isa = PBXFileReference; lastKnownFileType = text.plist.strings; name = en; path = en.lproj/InfoPlist.strings; sourceTree = "<group>"; };
		BCC6342616E19C450028CF71 /* AnimationSampleTests.h */ = {isa = PBXFileReference; lastKnownFileType = sourcecode.c.h; path = AnimationSampleTests.h; sourceTree = "<group>"; };
		BCC6342716E19C450028CF71 /* AnimationSampleTests.m */ = {isa = PBXFileReference; lastKnownFileType = sourcecode.c.objc; path = AnimationSampleTests.m; sourceTree = "<group>"; };
/* End PBXFileReference section */

/* Begin PBXFrameworksBuildPhase section */
		BCC633F016E19C450028CF71 /* Frameworks */ = {
			isa = PBXFrameworksBuildPhase;
			buildActionMask = 2147483647;
			files = (
				BCC633F716E19C450028CF71 /* UIKit.framework in Frameworks */,
				BCC633F916E19C450028CF71 /* Foundation.framework in Frameworks */,
				BCC633FB16E19C450028CF71 /* CoreGraphics.framework in Frameworks */,
			);
			runOnlyForDeploymentPostprocessing = 0;
		};
		BCC6341516E19C450028CF71 /* Frameworks */ = {
			isa = PBXFrameworksBuildPhase;
			buildActionMask = 2147483647;
			files = (
				BCC6341B16E19C450028CF71 /* SenTestingKit.framework in Frameworks */,
				BCC6341C16E19C450028CF71 /* UIKit.framework in Frameworks */,
				BCC6341D16E19C450028CF71 /* Foundation.framework in Frameworks */,
			);
			runOnlyForDeploymentPostprocessing = 0;
		};
/* End PBXFrameworksBuildPhase section */

/* Begin PBXGroup section */
		BCC633EA16E19C450028CF71 = {
			isa = PBXGroup;
			children = (
				BCC633FC16E19C450028CF71 /* AnimationSample */,
				BCC6342016E19C450028CF71 /* AnimationSampleTests */,
				BCC633F516E19C450028CF71 /* Frameworks */,
				BCC633F416E19C450028CF71 /* Products */,
			);
			sourceTree = "<group>";
		};
		BCC633F416E19C450028CF71 /* Products */ = {
			isa = PBXGroup;
			children = (
				BCC633F316E19C450028CF71 /* AnimationSample.app */,
				BCC6341916E19C450028CF71 /* AnimationSampleTests.octest */,
			);
			name = Products;
			sourceTree = "<group>";
		};
		BCC633F516E19C450028CF71 /* Frameworks */ = {
			isa = PBXGroup;
			children = (
				BCC633F616E19C450028CF71 /* UIKit.framework */,
				BCC633F816E19C450028CF71 /* Foundation.framework */,
				BCC633FA16E19C450028CF71 /* CoreGraphics.framework */,
				BCC6341A16E19C450028CF71 /* SenTestingKit.framework */,
			);
			name = Frameworks;
			sourceTree = "<group>";
		};
		BCC633FC16E19C450028CF71 /* AnimationSample */ = {
			isa = PBXGroup;
			children = (
				BCC6340516E19C450028CF71 /* AppDelegate.h */,
				BCC6340616E19C450028CF71 /* AppDelegate.m */,
				BCC6340E16E19C450028CF71 /* ViewController.h */,
				BCC6340F16E19C450028CF71 /* ViewController.m */,
				BCC6341116E19C450028CF71 /* ViewController.xib */,
				BCC633FD16E19C450028CF71 /* Supporting Files */,
			);
			path = AnimationSample;
			sourceTree = "<group>";
		};
		BCC633FD16E19C450028CF71 /* Supporting Files */ = {
			isa = PBXGroup;
			children = (
				BCC633FE16E19C450028CF71 /* AnimationSample-Info.plist */,
				BCC633FF16E19C450028CF71 /* InfoPlist.strings */,
				BCC6340216E19C450028CF71 /* main.m */,
				BCC6340416E19C450028CF71 /* AnimationSample-Prefix.pch */,
				BCC6340816E19C450028CF71 /* Default.png */,
				BCC6340A16E19C450028CF71 /* Default@2x.png */,
				BCC6340C16E19C450028CF71 /* Default-568h@2x.png */,
			);
			name = "Supporting Files";
			sourceTree = "<group>";
		};
		BCC6342016E19C450028CF71 /* AnimationSampleTests */ = {
			isa = PBXGroup;
			children = (
				BCC6342616E19C450028CF71 /* AnimationSampleTests.h */,
				BCC6342716E19C450028CF71 /* AnimationSampleTests.m */,
				BCC6342116E19C450028CF71 /* Supporting Files */,
			);
			path = AnimationSampleTests;
			sourceTree = "<group>";
		};
		BCC6342116E19C450028CF71 /* Supporting Files */ = {
			isa = PBXGroup;
			children = (
				BCC6342216E19C450028CF71 /* AnimationSampleTests-Info.plist */,
				BCC6342316E19C450028CF71 /* InfoPlist.strings */,
			);
			name = "Supporting Files";
			sourceTree = "<group>";
		};
/* End PBXGroup section */

/* Begin PBXNativeTarget section */
		BCC633F216E19C450028CF71 /* AnimationSample */ = {
			isa = PBXNativeTarget;
			buildConfigurationList = BCC6342B16E19C450028CF71 /* Build configuration list for PBXNativeTarget "AnimationSample" */;
			buildPhases = (
				BCC633EF16E19C450028CF71 /* Sources */,
				BCC633F016E19C450028CF71 /* Frameworks */,
				BCC633F116E19C450028CF71 /* Resources */,
			);
			buildRules = (
			);
			dependencies = (
			);
			name = AnimationSample;
			productName = AnimationSample;
			productReference = BCC633F316E19C450028CF71 /* AnimationSample.app */;
			productType = "com.apple.product-type.application";
		};
		BCC6341816E19C450028CF71 /* AnimationSampleTests */ = {
			isa = PBXNativeTarget;
			buildConfigurationList = BCC6342E16E19C450028CF71 /* Build configuration list for PBXNativeTarget "AnimationSampleTests" */;
			buildPhases = (
				BCC6341416E19C450028CF71 /* Sources */,
				BCC6341516E19C450028CF71 /* Frameworks */,
				BCC6341616E19C450028CF71 /* Resources */,
				BCC6341716E19C450028CF71 /* ShellScript */,
			);
			buildRules = (
			);
			dependencies = (
				BCC6341F16E19C450028CF71 /* PBXTargetDependency */,
			);
			name = AnimationSampleTests;
			productName = AnimationSampleTests;
			productReference = BCC6341916E19C450028CF71 /* AnimationSampleTests.octest */;
			productType = "com.apple.product-type.bundle";
		};
/* End PBXNativeTarget section */

/* Begin PBXProject section */
		BCC633EB16E19C450028CF71 /* Project object */ = {
			isa = PBXProject;
			attributes = {
				LastUpgradeCheck = 0460;
				ORGANIZATIONNAME = ioacademy;
			};
			buildConfigurationList = BCC633EE16E19C450028CF71 /* Build configuration list for PBXProject "AnimationSample" */;
			compatibilityVersion = "Xcode 3.2";
			developmentRegion = English;
			hasScannedForEncodings = 0;
			knownRegions = (
				en,
			);
			mainGroup = BCC633EA16E19C450028CF71;
			productRefGroup = BCC633F416E19C450028CF71 /* Products */;
			projectDirPath = "";
			projectRoot = "";
			targets = (
				BCC633F216E19C450028CF71 /* AnimationSample */,
				BCC6341816E19C450028CF71 /* AnimationSampleTests */,
			);
		};
/* End PBXProject section */

/* Begin PBXResourcesBuildPhase section */
		BCC633F116E19C450028CF71 /* Resources */ = {
			isa = PBXResourcesBuildPhase;
			buildActionMask = 2147483647;
			files = (
				BCC6340116E19C450028CF71 /* InfoPlist.strings in Resources */,
				BCC6340916E19C450028CF71 /* Default.png in Resources */,
				BCC6340B16E19C450028CF71 /* Default@2x.png in Resources */,
				BCC6340D16E19C450028CF71 /* Default-568h@2x.png in Resources */,
				BCC6341316E19C450028CF71 /* ViewController.xib in Resources */,
			);
			runOnlyForDeploymentPostprocessing = 0;
		};
		BCC6341616E19C450028CF71 /* Resources */ = {
			isa = PBXResourcesBuildPhase;
			buildActionMask = 2147483647;
			files = (
				BCC6342516E19C450028CF71 /* InfoPlist.strings in Resources */,
			);
			runOnlyForDeploymentPostprocessing = 0;
		};
/* End PBXResourcesBuildPhase section */

/* Begin PBXShellScriptBuildPhase section */
		BCC6341716E19C450028CF71 /* ShellScript */ = {
			isa = PBXShellScriptBuildPhase;
			buildActionMask = 2147483647;
			files = (
			);
			inputPaths = (
			);
			outputPaths = (
			);
			runOnlyForDeploymentPostprocessing = 0;
			shellPath = /bin/sh;
			shellScript = "# Run the unit tests in this test bundle.\n\"${SYSTEM_DEVELOPER_DIR}/Tools/RunUnitTests\"\n";
		};
/* End PBXShellScriptBuildPhase section */

/* Begin PBXSourcesBuildPhase section */
		BCC633EF16E19C450028CF71 /* Sources */ = {
			isa = PBXSourcesBuildPhase;
			buildActionMask = 2147483647;
			files = (
				BCC6340316E19C450028CF71 /* main.m in Sources */,
				BCC6340716E19C450028CF71 /* AppDelegate.m in Sources */,
				BCC6341016E19C450028CF71 /* ViewController.m in Sources */,
			);
			runOnlyForDeploymentPostprocessing = 0;
		};
		BCC6341416E19C450028CF71 /* Sources */ = {
			isa = PBXSourcesBuildPhase;
			buildActionMask = 2147483647;
			files = (
				BCC6342816E19C450028CF71 /* AnimationSampleTests.m in Sources */,
			);
			runOnlyForDeploymentPostprocessing = 0;
		};
/* End PBXSourcesBuildPhase section */

/* Begin PBXTargetDependency section */
		BCC6341F16E19C450028CF71 /* PBXTargetDependency */ = {
			isa = PBXTargetDependency;
			target = BCC633F216E19C450028CF71 /* AnimationSample */;
			targetProxy = BCC6341E16E19C450028CF71 /* PBXContainerItemProxy */;
		};
/* End PBXTargetDependency section */

/* Begin PBXVariantGroup section */
		BCC633FF16E19C450028CF71 /* InfoPlist.strings */ = {
			isa = PBXVariantGroup;
			children = (
				BCC6340016E19C450028CF71 /* en */,
			);
			name = InfoPlist.strings;
			sourceTree = "<group>";
		};
		BCC6341116E19C450028CF71 /* ViewController.xib */ = {
			isa = PBXVariantGroup;
			children = (
				BCC6341216E19C450028CF71 /* en */,
			);
			name = ViewController.xib;
			sourceTree = "<group>";
		};
		BCC6342316E19C450028CF71 /* InfoPlist.strings */ = {
			isa = PBXVariantGroup;
			children = (
				BCC6342416E19C450028CF71 /* en */,
			);
			name = InfoPlist.strings;
			sourceTree = "<group>";
		};
/* End PBXVariantGroup section */

/* Begin XCBuildConfiguration section */
		BCC6342916E19C450028CF71 /* Debug */ = {
			isa = XCBuildConfiguration;
			buildSettings = {
				ALWAYS_SEARCH_USER_PATHS = NO;
				CLANG_CXX_LANGUAGE_STANDARD = "gnu++0x";
				CLANG_CXX_LIBRARY = "libc++";
				CLANG_WARN_CONSTANT_CONVERSION = YES;
				CLANG_WARN_EMPTY_BODY = YES;
				CLANG_WARN_ENUM_CONVERSION = YES;
				CLANG_WARN_INT_CONVERSION = YES;
				CLANG_WARN__DUPLICATE_METHOD_MATCH = YES;
				"CODE_SIGN_IDENTITY[sdk=iphoneos*]" = "iPhone Developer";
				COPY_PHASE_STRIP = NO;
				GCC_C_LANGUAGE_STANDARD = gnu99;
				GCC_DYNAMIC_NO_PIC = NO;
				GCC_OPTIMIZATION_LEVEL = 0;
				GCC_PREPROCESSOR_DEFINITIONS = (
					"DEBUG=1",
					"$(inherited)",
				);
				GCC_SYMBOLS_PRIVATE_EXTERN = NO;
				GCC_WARN_ABOUT_RETURN_TYPE = YES;
				GCC_WARN_UNINITIALIZED_AUTOS = YES;
				GCC_WARN_UNUSED_VARIABLE = YES;
				IPHONEOS_DEPLOYMENT_TARGET = 6.1;
				ONLY_ACTIVE_ARCH = YES;
				SDKROOT = iphoneos;
			};
			name = Debug;
		};
		BCC6342A16E19C450028CF71 /* Release */ = {
			isa = XCBuildConfiguration;
			buildSettings = {
				ALWAYS_SEARCH_USER_PATHS = NO;
				CLANG_CXX_LANGUAGE_STANDARD = "gnu++0x";
				CLANG_CXX_LIBRARY = "libc++";
				CLANG_WARN_CONSTANT_CONVERSION = YES;
				CLANG_WARN_EMPTY_BODY = YES;
				CLANG_WARN_ENUM_CONVERSION = YES;
				CLANG_WARN_INT_CONVERSION = YES;
				CLANG_WARN__DUPLICATE_METHOD_MATCH = YES;
				"CODE_SIGN_IDENTITY[sdk=iphoneos*]" = "iPhone Developer";
				COPY_PHASE_STRIP = YES;
				GCC_C_LANGUAGE_STANDARD = gnu99;
				GCC_WARN_ABOUT_RETURN_TYPE = YES;
				GCC_WARN_UNINITIALIZED_AUTOS = YES;
				GCC_WARN_UNUSED_VARIABLE = YES;
				IPHONEOS_DEPLOYMENT_TARGET = 6.1;
				OTHER_CFLAGS = "-DNS_BLOCK_ASSERTIONS=1";
				SDKROOT = iphoneos;
				VALIDATE_PRODUCT = YES;
			};
			name = Release;
		};
		BCC6342C16E19C450028CF71 /* Debug */ = {
			isa = XCBuildConfiguration;
			buildSettings = {
				GCC_PRECOMPILE_PREFIX_HEADER = YES;
				GCC_PREFIX_HEADER = "AnimationSample/AnimationSample-Prefix.pch";
				INFOPLIST_FILE = "AnimationSample/AnimationSample-Info.plist";
				PRODUCT_NAME = "$(TARGET_NAME)";
				WRAPPER_EXTENSION = app;
			};
			name = Debug;
		};
		BCC6342D16E19C450028CF71 /* Release */ = {
			isa = XCBuildConfiguration;
			buildSettings = {
				GCC_PRECOMPILE_PREFIX_HEADER = YES;
				GCC_PREFIX_HEADER = "AnimationSample/AnimationSample-Prefix.pch";
				INFOPLIST_FILE = "AnimationSample/AnimationSample-Info.plist";
				PRODUCT_NAME = "$(TARGET_NAME)";
				WRAPPER_EXTENSION = app;
			};
			name = Release;
		};
		BCC6342F16E19C450028CF71 /* Debug */ = {
			isa = XCBuildConfiguration;
			buildSettings = {
				BUNDLE_LOADER = "$(BUILT_PRODUCTS_DIR)/AnimationSample.app/AnimationSample";
				FRAMEWORK_SEARCH_PATHS = (
					"\"$(SDKROOT)/Developer/Library/Frameworks\"",
					"\"$(DEVELOPER_LIBRARY_DIR)/Frameworks\"",
				);
				GCC_PRECOMPILE_PREFIX_HEADER = YES;
				GCC_PREFIX_HEADER = "AnimationSample/AnimationSample-Prefix.pch";
				INFOPLIST_FILE = "AnimationSampleTests/AnimationSampleTests-Info.plist";
				PRODUCT_NAME = "$(TARGET_NAME)";
				TEST_HOST = "$(BUNDLE_LOADER)";
				WRAPPER_EXTENSION = octest;
			};
			name = Debug;
		};
		BCC6343016E19C450028CF71 /* Release */ = {
			isa = XCBuildConfiguration;
			buildSettings = {
				BUNDLE_LOADER = "$(BUILT_PRODUCTS_DIR)/AnimationSample.app/AnimationSample";
				FRAMEWORK_SEARCH_PATHS = (
					"\"$(SDKROOT)/Developer/Library/Frameworks\"",
					"\"$(DEVELOPER_LIBRARY_DIR)/Frameworks\"",
				);
				GCC_PRECOMPILE_PREFIX_HEADER = YES;
				GCC_PREFIX_HEADER = "AnimationSample/AnimationSample-Prefix.pch";
				INFOPLIST_FILE = "AnimationSampleTests/AnimationSampleTests-Info.plist";
				PRODUCT_NAME = "$(TARGET_NAME)";
				TEST_HOST = "$(BUNDLE_LOADER)";
				WRAPPER_EXTENSION = octest;
			};
			name = Release;
		};
/* End XCBuildConfiguration section */

/* Begin XCConfigurationList section */
		BCC633EE16E19C450028CF71 /* Build configuration list for PBXProject "AnimationSample" */ = {
			isa = XCConfigurationList;
			buildConfigurations = (
				BCC6342916E19C450028CF71 /* Debug */,
				BCC6342A16E19C450028CF71 /* Release */,
			);
			defaultConfigurationIsVisible = 0;
			defaultConfigurationName = Release;
		};
		BCC6342B16E19C450028CF71 /* Build configuration list for PBXNativeTarget "AnimationSample" */ = {
			isa = XCConfigurationList;
			buildConfigurations = (
				BCC6342C16E19C450028CF71 /* Debug */,
				BCC6342D16E19C450028CF71 /* Release */,
			);
			defaultConfigurationIsVisible = 0;
		};
		BCC6342E16E19C450028CF71 /* Build configuration list for PBXNativeTarget "AnimationSampleTests" */ = {
			isa = XCConfigurationList;
			buildConfigurations = (
				BCC6342F16E19C450028CF71 /* Debug */,
				BCC6343016E19C450028CF71 /* Release */,
			);
			defaultConfigurationIsVisible = 0;
		};
/* End XCConfigurationList section */
	};
	rootObject = BCC633EB16E19C450028CF71 /* Project object */;
}
