// !$*UTF8*$!
{
	archiveVersion = 1;
	classes = {
	};
	objectVersion = 46;
	objects = {

/* Begin PBXBuildFile section */
		7A976CB51AA656190003A94C /* main.m in Sources */ = {isa = PBXBuildFile; fileRef = 7A976CB41AA656190003A94C /* main.m */; };
		7A976CB81AA656190003A94C /* AppDelegate.m in Sources */ = {isa = PBXBuildFile; fileRef = 7A976CB71AA656190003A94C /* AppDelegate.m */; };
		7A976CBB1AA656190003A94C /* MasterViewController.m in Sources */ = {isa = PBXBuildFile; fileRef = 7A976CBA1AA656190003A94C /* MasterViewController.m */; };
		7A976CBE1AA656190003A94C /* DetailViewController.m in Sources */ = {isa = PBXBuildFile; fileRef = 7A976CBD1AA656190003A94C /* DetailViewController.m */; };
		7A976CC11AA656190003A94C /* Main.storyboard in Resources */ = {isa = PBXBuildFile; fileRef = 7A976CBF1AA656190003A94C /* Main.storyboard */; };
		7A976CC31AA656190003A94C /* Images.xcassets in Resources */ = {isa = PBXBuildFile; fileRef = 7A976CC21AA656190003A94C /* Images.xcassets */; };
		7A976CC61AA656190003A94C /* LaunchScreen.xib in Resources */ = {isa = PBXBuildFile; fileRef = 7A976CC41AA656190003A94C /* LaunchScreen.xib */; };
		7A976CD21AA656190003A94C /* WeatherTests.m in Sources */ = {isa = PBXBuildFile; fileRef = 7A976CD11AA656190003A94C /* WeatherTests.m */; };
		7A976CE01AA656D80003A94C /* MyCell.m in Sources */ = {isa = PBXBuildFile; fileRef = 7A976CDF1AA656D80003A94C /* MyCell.m */; };
/* End PBXBuildFile section */

/* Begin PBXContainerItemProxy section */
		7A976CCC1AA656190003A94C /* PBXContainerItemProxy */ = {
			isa = PBXContainerItemProxy;
			containerPortal = 7A976CA71AA656190003A94C /* Project object */;
			proxyType = 1;
			remoteGlobalIDString = 7A976CAE1AA656190003A94C;
			remoteInfo = Weather;
		};
/* End PBXContainerItemProxy section */

/* Begin PBXFileReference section */
		7A976CAF1AA656190003A94C /* Weather.app */ = {isa = PBXFileReference; explicitFileType = wrapper.application; includeInIndex = 0; path = Weather.app; sourceTree = BUILT_PRODUCTS_DIR; };
		7A976CB31AA656190003A94C /* Info.plist */ = {isa = PBXFileReference; lastKnownFileType = text.plist.xml; path = Info.plist; sourceTree = "<group>"; };
		7A976CB41AA656190003A94C /* main.m */ = {isa = PBXFileReference; lastKnownFileType = sourcecode.c.objc; path = main.m; sourceTree = "<group>"; };
		7A976CB61AA656190003A94C /* AppDelegate.h */ = {isa = PBXFileReference; lastKnownFileType = sourcecode.c.h; path = AppDelegate.h; sourceTree = "<group>"; };
		7A976CB71AA656190003A94C /* AppDelegate.m */ = {isa = PBXFileReference; lastKnownFileType = sourcecode.c.objc; path = AppDelegate.m; sourceTree = "<group>"; };
		7A976CB91AA656190003A94C /* MasterViewController.h */ = {isa = PBXFileReference; lastKnownFileType = sourcecode.c.h; path = MasterViewController.h; sourceTree = "<group>"; };
		7A976CBA1AA656190003A94C /* MasterViewController.m */ = {isa = PBXFileReference; lastKnownFileType = sourcecode.c.objc; path = MasterViewController.m; sourceTree = "<group>"; };
		7A976CBC1AA656190003A94C /* DetailViewController.h */ = {isa = PBXFileReference; lastKnownFileType = sourcecode.c.h; path = DetailViewController.h; sourceTree = "<group>"; };
		7A976CBD1AA656190003A94C /* DetailViewController.m */ = {isa = PBXFileReference; lastKnownFileType = sourcecode.c.objc; path = DetailViewController.m; sourceTree = "<group>"; };
		7A976CC01AA656190003A94C /* Base */ = {isa = PBXFileReference; lastKnownFileType = file.storyboard; name = Base; path = Base.lproj/Main.storyboard; sourceTree = "<group>"; };
		7A976CC21AA656190003A94C /* Images.xcassets */ = {isa = PBXFileReference; lastKnownFileType = folder.assetcatalog; path = Images.xcassets; sourceTree = "<group>"; };
		7A976CC51AA656190003A94C /* Base */ = {isa = PBXFileReference; lastKnownFileType = file.xib; name = Base; path = Base.lproj/LaunchScreen.xib; sourceTree = "<group>"; };
		7A976CCB1AA656190003A94C /* WeatherTests.xctest */ = {isa = PBXFileReference; explicitFileType = wrapper.cfbundle; includeInIndex = 0; path = WeatherTests.xctest; sourceTree = BUILT_PRODUCTS_DIR; };
		7A976CD01AA656190003A94C /* Info.plist */ = {isa = PBXFileReference; lastKnownFileType = text.plist.xml; path = Info.plist; sourceTree = "<group>"; };
		7A976CD11AA656190003A94C /* WeatherTests.m */ = {isa = PBXFileReference; lastKnownFileType = sourcecode.c.objc; path = WeatherTests.m; sourceTree = "<group>"; };
		7A976CDE1AA656D80003A94C /* MyCell.h */ = {isa = PBXFileReference; fileEncoding = 4; lastKnownFileType = sourcecode.c.h; path = MyCell.h; sourceTree = "<group>"; };
		7A976CDF1AA656D80003A94C /* MyCell.m */ = {isa = PBXFileReference; fileEncoding = 4; lastKnownFileType = sourcecode.c.objc; path = MyCell.m; sourceTree = "<group>"; };
/* End PBXFileReference section */

/* Begin PBXFrameworksBuildPhase section */
		7A976CAC1AA656190003A94C /* Frameworks */ = {
			isa = PBXFrameworksBuildPhase;
			buildActionMask = 2147483647;
			files = (
			);
			runOnlyForDeploymentPostprocessing = 0;
		};
		7A976CC81AA656190003A94C /* Frameworks */ = {
			isa = PBXFrameworksBuildPhase;
			buildActionMask = 2147483647;
			files = (
			);
			runOnlyForDeploymentPostprocessing = 0;
		};
/* End PBXFrameworksBuildPhase section */

/* Begin PBXGroup section */
		7A976CA61AA656190003A94C = {
			isa = PBXGroup;
			children = (
				7A976CB11AA656190003A94C /* Weather */,
				7A976CCE1AA656190003A94C /* WeatherTests */,
				7A976CB01AA656190003A94C /* Products */,
			);
			sourceTree = "<group>";
		};
		7A976CB01AA656190003A94C /* Products */ = {
			isa = PBXGroup;
			children = (
				7A976CAF1AA656190003A94C /* Weather.app */,
				7A976CCB1AA656190003A94C /* WeatherTests.xctest */,
			);
			name = Products;
			sourceTree = "<group>";
		};
		7A976CB11AA656190003A94C /* Weather */ = {
			isa = PBXGroup;
			children = (
				7A976CB61AA656190003A94C /* AppDelegate.h */,
				7A976CB71AA656190003A94C /* AppDelegate.m */,
				7A976CB91AA656190003A94C /* MasterViewController.h */,
				7A976CBA1AA656190003A94C /* MasterViewController.m */,
				7A976CBC1AA656190003A94C /* DetailViewController.h */,
				7A976CBD1AA656190003A94C /* DetailViewController.m */,
				7A976CBF1AA656190003A94C /* Main.storyboard */,
				7A976CC21AA656190003A94C /* Images.xcassets */,
				7A976CC41AA656190003A94C /* LaunchScreen.xib */,
				7A976CB21AA656190003A94C /* Supporting Files */,
				7A976CDE1AA656D80003A94C /* MyCell.h */,
				7A976CDF1AA656D80003A94C /* MyCell.m */,
			);
			path = Weather;
			sourceTree = "<group>";
		};
		7A976CB21AA656190003A94C /* Supporting Files */ = {
			isa = PBXGroup;
			children = (
				7A976CB31AA656190003A94C /* Info.plist */,
				7A976CB41AA656190003A94C /* main.m */,
			);
			name = "Supporting Files";
			sourceTree = "<group>";
		};
		7A976CCE1AA656190003A94C /* WeatherTests */ = {
			isa = PBXGroup;
			children = (
				7A976CD11AA656190003A94C /* WeatherTests.m */,
				7A976CCF1AA656190003A94C /* Supporting Files */,
			);
			path = WeatherTests;
			sourceTree = "<group>";
		};
		7A976CCF1AA656190003A94C /* Supporting Files */ = {
			isa = PBXGroup;
			children = (
				7A976CD01AA656190003A94C /* Info.plist */,
			);
			name = "Supporting Files";
			sourceTree = "<group>";
		};
/* End PBXGroup section */

/* Begin PBXNativeTarget section */
		7A976CAE1AA656190003A94C /* Weather */ = {
			isa = PBXNativeTarget;
			buildConfigurationList = 7A976CD51AA656190003A94C /* Build configuration list for PBXNativeTarget "Weather" */;
			buildPhases = (
				7A976CAB1AA656190003A94C /* Sources */,
				7A976CAC1AA656190003A94C /* Frameworks */,
				7A976CAD1AA656190003A94C /* Resources */,
			);
			buildRules = (
			);
			dependencies = (
			);
			name = Weather;
			productName = Weather;
			productReference = 7A976CAF1AA656190003A94C /* Weather.app */;
			productType = "com.apple.product-type.application";
		};
		7A976CCA1AA656190003A94C /* WeatherTests */ = {
			isa = PBXNativeTarget;
			buildConfigurationList = 7A976CD81AA656190003A94C /* Build configuration list for PBXNativeTarget "WeatherTests" */;
			buildPhases = (
				7A976CC71AA656190003A94C /* Sources */,
				7A976CC81AA656190003A94C /* Frameworks */,
				7A976CC91AA656190003A94C /* Resources */,
			);
			buildRules = (
			);
			dependencies = (
				7A976CCD1AA656190003A94C /* PBXTargetDependency */,
			);
			name = WeatherTests;
			productName = WeatherTests;
			productReference = 7A976CCB1AA656190003A94C /* WeatherTests.xctest */;
			productType = "com.apple.product-type.bundle.unit-test";
		};
/* End PBXNativeTarget section */

/* Begin PBXProject section */
		7A976CA71AA656190003A94C /* Project object */ = {
			isa = PBXProject;
			attributes = {
				LastUpgradeCheck = 0610;
				ORGANIZATIONNAME = IOACADEMY;
				TargetAttributes = {
					7A976CAE1AA656190003A94C = {
						CreatedOnToolsVersion = 6.1.1;
					};
					7A976CCA1AA656190003A94C = {
						CreatedOnToolsVersion = 6.1.1;
						TestTargetID = 7A976CAE1AA656190003A94C;
					};
				};
			};
			buildConfigurationList = 7A976CAA1AA656190003A94C /* Build configuration list for PBXProject "Weather" */;
			compatibilityVersion = "Xcode 3.2";
			developmentRegion = English;
			hasScannedForEncodings = 0;
			knownRegions = (
				en,
				Base,
			);
			mainGroup = 7A976CA61AA656190003A94C;
			productRefGroup = 7A976CB01AA656190003A94C /* Products */;
			projectDirPath = "";
			projectRoot = "";
			targets = (
				7A976CAE1AA656190003A94C /* Weather */,
				7A976CCA1AA656190003A94C /* WeatherTests */,
			);
		};
/* End PBXProject section */

/* Begin PBXResourcesBuildPhase section */
		7A976CAD1AA656190003A94C /* Resources */ = {
			isa = PBXResourcesBuildPhase;
			buildActionMask = 2147483647;
			files = (
				7A976CC11AA656190003A94C /* Main.storyboard in Resources */,
				7A976CC61AA656190003A94C /* LaunchScreen.xib in Resources */,
				7A976CC31AA656190003A94C /* Images.xcassets in Resources */,
			);
			runOnlyForDeploymentPostprocessing = 0;
		};
		7A976CC91AA656190003A94C /* Resources */ = {
			isa = PBXResourcesBuildPhase;
			buildActionMask = 2147483647;
			files = (
			);
			runOnlyForDeploymentPostprocessing = 0;
		};
/* End PBXResourcesBuildPhase section */

/* Begin PBXSourcesBuildPhase section */
		7A976CAB1AA656190003A94C /* Sources */ = {
			isa = PBXSourcesBuildPhase;
			buildActionMask = 2147483647;
			files = (
				7A976CB81AA656190003A94C /* AppDelegate.m in Sources */,
				7A976CBB1AA656190003A94C /* MasterViewController.m in Sources */,
				7A976CB51AA656190003A94C /* main.m in Sources */,
				7A976CE01AA656D80003A94C /* MyCell.m in Sources */,
				7A976CBE1AA656190003A94C /* DetailViewController.m in Sources */,
			);
			runOnlyForDeploymentPostprocessing = 0;
		};
		7A976CC71AA656190003A94C /* Sources */ = {
			isa = PBXSourcesBuildPhase;
			buildActionMask = 2147483647;
			files = (
				7A976CD21AA656190003A94C /* WeatherTests.m in Sources */,
			);
			runOnlyForDeploymentPostprocessing = 0;
		};
/* End PBXSourcesBuildPhase section */

/* Begin PBXTargetDependency section */
		7A976CCD1AA656190003A94C /* PBXTargetDependency */ = {
			isa = PBXTargetDependency;
			target = 7A976CAE1AA656190003A94C /* Weather */;
			targetProxy = 7A976CCC1AA656190003A94C /* PBXContainerItemProxy */;
		};
/* End PBXTargetDependency section */

/* Begin PBXVariantGroup section */
		7A976CBF1AA656190003A94C /* Main.storyboard */ = {
			isa = PBXVariantGroup;
			children = (
				7A976CC01AA656190003A94C /* Base */,
			);
			name = Main.storyboard;
			sourceTree = "<group>";
		};
		7A976CC41AA656190003A94C /* LaunchScreen.xib */ = {
			isa = PBXVariantGroup;
			children = (
				7A976CC51AA656190003A94C /* Base */,
			);
			name = LaunchScreen.xib;
			sourceTree = "<group>";
		};
/* End PBXVariantGroup section */

/* Begin XCBuildConfiguration section */
		7A976CD31AA656190003A94C /* Debug */ = {
			isa = XCBuildConfiguration;
			buildSettings = {
				ALWAYS_SEARCH_USER_PATHS = NO;
				CLANG_CXX_LANGUAGE_STANDARD = "gnu++0x";
				CLANG_CXX_LIBRARY = "libc++";
				CLANG_ENABLE_MODULES = YES;
				CLANG_ENABLE_OBJC_ARC = YES;
				CLANG_WARN_BOOL_CONVERSION = YES;
				CLANG_WARN_CONSTANT_CONVERSION = YES;
				CLANG_WARN_DIRECT_OBJC_ISA_USAGE = YES_ERROR;
				CLANG_WARN_EMPTY_BODY = YES;
				CLANG_WARN_ENUM_CONVERSION = YES;
				CLANG_WARN_INT_CONVERSION = YES;
				CLANG_WARN_OBJC_ROOT_CLASS = YES_ERROR;
				CLANG_WARN_UNREACHABLE_CODE = YES;
				CLANG_WARN__DUPLICATE_METHOD_MATCH = YES;
				"CODE_SIGN_IDENTITY[sdk=iphoneos*]" = "iPhone Developer";
				COPY_PHASE_STRIP = NO;
				ENABLE_STRICT_OBJC_MSGSEND = YES;
				GCC_C_LANGUAGE_STANDARD = gnu99;
				GCC_DYNAMIC_NO_PIC = NO;
				GCC_OPTIMIZATION_LEVEL = 0;
				GCC_PREPROCESSOR_DEFINITIONS = (
					"DEBUG=1",
					"$(inherited)",
				);
				GCC_SYMBOLS_PRIVATE_EXTERN = NO;
				GCC_WARN_64_TO_32_BIT_CONVERSION = YES;
				GCC_WARN_ABOUT_RETURN_TYPE = YES_ERROR;
				GCC_WARN_UNDECLARED_SELECTOR = YES;
				GCC_WARN_UNINITIALIZED_AUTOS = YES_AGGRESSIVE;
				GCC_WARN_UNUSED_FUNCTION = YES;
				GCC_WARN_UNUSED_VARIABLE = YES;
				IPHONEOS_DEPLOYMENT_TARGET = 8.1;
				MTL_ENABLE_DEBUG_INFO = YES;
				ONLY_ACTIVE_ARCH = YES;
				SDKROOT = iphoneos;
			};
			name = Debug;
		};
		7A976CD41AA656190003A94C /* Release */ = {
			isa = XCBuildConfiguration;
			buildSettings = {
				ALWAYS_SEARCH_USER_PATHS = NO;
				CLANG_CXX_LANGUAGE_STANDARD = "gnu++0x";
				CLANG_CXX_LIBRARY = "libc++";
				CLANG_ENABLE_MODULES = YES;
				CLANG_ENABLE_OBJC_ARC = YES;
				CLANG_WARN_BOOL_CONVERSION = YES;
				CLANG_WARN_CONSTANT_CONVERSION = YES;
				CLANG_WARN_DIRECT_OBJC_ISA_USAGE = YES_ERROR;
				CLANG_WARN_EMPTY_BODY = YES;
				CLANG_WARN_ENUM_CONVERSION = YES;
				CLANG_WARN_INT_CONVERSION = YES;
				CLANG_WARN_OBJC_ROOT_CLASS = YES_ERROR;
				CLANG_WARN_UNREACHABLE_CODE = YES;
				CLANG_WARN__DUPLICATE_METHOD_MATCH = YES;
				"CODE_SIGN_IDENTITY[sdk=iphoneos*]" = "iPhone Developer";
				COPY_PHASE_STRIP = YES;
				ENABLE_NS_ASSERTIONS = NO;
				ENABLE_STRICT_OBJC_MSGSEND = YES;
				GCC_C_LANGUAGE_STANDARD = gnu99;
				GCC_WARN_64_TO_32_BIT_CONVERSION = YES;
				GCC_WARN_ABOUT_RETURN_TYPE = YES_ERROR;
				GCC_WARN_UNDECLARED_SELECTOR = YES;
				GCC_WARN_UNINITIALIZED_AUTOS = YES_AGGRESSIVE;
				GCC_WARN_UNUSED_FUNCTION = YES;
				GCC_WARN_UNUSED_VARIABLE = YES;
				IPHONEOS_DEPLOYMENT_TARGET = 8.1;
				MTL_ENABLE_DEBUG_INFO = NO;
				SDKROOT = iphoneos;
				VALIDATE_PRODUCT = YES;
			};
			name = Release;
		};
		7A976CD61AA656190003A94C /* Debug */ = {
			isa = XCBuildConfiguration;
			buildSettings = {
				ASSETCATALOG_COMPILER_APPICON_NAME = AppIcon;
				INFOPLIST_FILE = Weather/Info.plist;
				LD_RUNPATH_SEARCH_PATHS = "$(inherited) @executable_path/Frameworks";
				PRODUCT_NAME = "$(TARGET_NAME)";
			};
			name = Debug;
		};
		7A976CD71AA656190003A94C /* Release */ = {
			isa = XCBuildConfiguration;
			buildSettings = {
				ASSETCATALOG_COMPILER_APPICON_NAME = AppIcon;
				INFOPLIST_FILE = Weather/Info.plist;
				LD_RUNPATH_SEARCH_PATHS = "$(inherited) @executable_path/Frameworks";
				PRODUCT_NAME = "$(TARGET_NAME)";
			};
			name = Release;
		};
		7A976CD91AA656190003A94C /* Debug */ = {
			isa = XCBuildConfiguration;
			buildSettings = {
				BUNDLE_LOADER = "$(TEST_HOST)";
				FRAMEWORK_SEARCH_PATHS = (
					"$(SDKROOT)/Developer/Library/Frameworks",
					"$(inherited)",
				);
				GCC_PREPROCESSOR_DEFINITIONS = (
					"DEBUG=1",
					"$(inherited)",
				);
				INFOPLIST_FILE = WeatherTests/Info.plist;
				LD_RUNPATH_SEARCH_PATHS = "$(inherited) @executable_path/Frameworks @loader_path/Frameworks";
				PRODUCT_NAME = "$(TARGET_NAME)";
				TEST_HOST = "$(BUILT_PRODUCTS_DIR)/Weather.app/Weather";
			};
			name = Debug;
		};
		7A976CDA1AA656190003A94C /* Release */ = {
			isa = XCBuildConfiguration;
			buildSettings = {
				BUNDLE_LOADER = "$(TEST_HOST)";
				FRAMEWORK_SEARCH_PATHS = (
					"$(SDKROOT)/Developer/Library/Frameworks",
					"$(inherited)",
				);
				INFOPLIST_FILE = WeatherTests/Info.plist;
				LD_RUNPATH_SEARCH_PATHS = "$(inherited) @executable_path/Frameworks @loader_path/Frameworks";
				PRODUCT_NAME = "$(TARGET_NAME)";
				TEST_HOST = "$(BUILT_PRODUCTS_DIR)/Weather.app/Weather";
			};
			name = Release;
		};
/* End XCBuildConfiguration section */

/* Begin XCConfigurationList section */
		7A976CAA1AA656190003A94C /* Build configuration list for PBXProject "Weather" */ = {
			isa = XCConfigurationList;
			buildConfigurations = (
				7A976CD31AA656190003A94C /* Debug */,
				7A976CD41AA656190003A94C /* Release */,
			);
			defaultConfigurationIsVisible = 0;
			defaultConfigurationName = Release;
		};
		7A976CD51AA656190003A94C /* Build configuration list for PBXNativeTarget "Weather" */ = {
			isa = XCConfigurationList;
			buildConfigurations = (
				7A976CD61AA656190003A94C /* Debug */,
				7A976CD71AA656190003A94C /* Release */,
			);
			defaultConfigurationIsVisible = 0;
		};
		7A976CD81AA656190003A94C /* Build configuration list for PBXNativeTarget "WeatherTests" */ = {
			isa = XCConfigurationList;
			buildConfigurations = (
				7A976CD91AA656190003A94C /* Debug */,
				7A976CDA1AA656190003A94C /* Release */,
			);
			defaultConfigurationIsVisible = 0;
		};
/* End XCConfigurationList section */
	};
	rootObject = 7A976CA71AA656190003A94C /* Project object */;
}
