// !$*UTF8*$!
{
	archiveVersion = 1;
	classes = {
	};
	objectVersion = 46;
	objects = {

/* Begin PBXBuildFile section */
		F9B88F631AB15E2E00B9A63D /* main.m in Sources */ = {isa = PBXBuildFile; fileRef = F9B88F621AB15E2E00B9A63D /* main.m */; };
		F9B88F661AB15E2F00B9A63D /* AppDelegate.m in Sources */ = {isa = PBXBuildFile; fileRef = F9B88F651AB15E2F00B9A63D /* AppDelegate.m */; };
		F9B88F691AB15E2F00B9A63D /* ViewController.m in Sources */ = {isa = PBXBuildFile; fileRef = F9B88F681AB15E2F00B9A63D /* ViewController.m */; };
		F9B88F6C1AB15E2F00B9A63D /* Main.storyboard in Resources */ = {isa = PBXBuildFile; fileRef = F9B88F6A1AB15E2F00B9A63D /* Main.storyboard */; };
		F9B88F6E1AB15E3000B9A63D /* Images.xcassets in Resources */ = {isa = PBXBuildFile; fileRef = F9B88F6D1AB15E3000B9A63D /* Images.xcassets */; };
		F9B88F711AB15E3000B9A63D /* LaunchScreen.xib in Resources */ = {isa = PBXBuildFile; fileRef = F9B88F6F1AB15E3000B9A63D /* LaunchScreen.xib */; };
		F9B88F7D1AB15E3000B9A63D /* NotificationCenterTests.m in Sources */ = {isa = PBXBuildFile; fileRef = F9B88F7C1AB15E3000B9A63D /* NotificationCenterTests.m */; };
/* End PBXBuildFile section */

/* Begin PBXContainerItemProxy section */
		F9B88F771AB15E3000B9A63D /* PBXContainerItemProxy */ = {
			isa = PBXContainerItemProxy;
			containerPortal = F9B88F551AB15E2D00B9A63D /* Project object */;
			proxyType = 1;
			remoteGlobalIDString = F9B88F5C1AB15E2E00B9A63D;
			remoteInfo = NotificationCenter;
		};
/* End PBXContainerItemProxy section */

/* Begin PBXFileReference section */
		F9B88F5D1AB15E2E00B9A63D /* NotificationCenter.app */ = {isa = PBXFileReference; explicitFileType = wrapper.application; includeInIndex = 0; path = NotificationCenter.app; sourceTree = BUILT_PRODUCTS_DIR; };
		F9B88F611AB15E2E00B9A63D /* Info.plist */ = {isa = PBXFileReference; lastKnownFileType = text.plist.xml; path = Info.plist; sourceTree = "<group>"; };
		F9B88F621AB15E2E00B9A63D /* main.m */ = {isa = PBXFileReference; lastKnownFileType = sourcecode.c.objc; path = main.m; sourceTree = "<group>"; };
		F9B88F641AB15E2F00B9A63D /* AppDelegate.h */ = {isa = PBXFileReference; lastKnownFileType = sourcecode.c.h; path = AppDelegate.h; sourceTree = "<group>"; };
		F9B88F651AB15E2F00B9A63D /* AppDelegate.m */ = {isa = PBXFileReference; lastKnownFileType = sourcecode.c.objc; path = AppDelegate.m; sourceTree = "<group>"; };
		F9B88F671AB15E2F00B9A63D /* ViewController.h */ = {isa = PBXFileReference; lastKnownFileType = sourcecode.c.h; path = ViewController.h; sourceTree = "<group>"; };
		F9B88F681AB15E2F00B9A63D /* ViewController.m */ = {isa = PBXFileReference; lastKnownFileType = sourcecode.c.objc; path = ViewController.m; sourceTree = "<group>"; };
		F9B88F6B1AB15E2F00B9A63D /* Base */ = {isa = PBXFileReference; lastKnownFileType = file.storyboard; name = Base; path = Base.lproj/Main.storyboard; sourceTree = "<group>"; };
		F9B88F6D1AB15E3000B9A63D /* Images.xcassets */ = {isa = PBXFileReference; lastKnownFileType = folder.assetcatalog; path = Images.xcassets; sourceTree = "<group>"; };
		F9B88F701AB15E3000B9A63D /* Base */ = {isa = PBXFileReference; lastKnownFileType = file.xib; name = Base; path = Base.lproj/LaunchScreen.xib; sourceTree = "<group>"; };
		F9B88F761AB15E3000B9A63D /* NotificationCenterTests.xctest */ = {isa = PBXFileReference; explicitFileType = wrapper.cfbundle; includeInIndex = 0; path = NotificationCenterTests.xctest; sourceTree = BUILT_PRODUCTS_DIR; };
		F9B88F7B1AB15E3000B9A63D /* Info.plist */ = {isa = PBXFileReference; lastKnownFileType = text.plist.xml; path = Info.plist; sourceTree = "<group>"; };
		F9B88F7C1AB15E3000B9A63D /* NotificationCenterTests.m */ = {isa = PBXFileReference; lastKnownFileType = sourcecode.c.objc; path = NotificationCenterTests.m; sourceTree = "<group>"; };
/* End PBXFileReference section */

/* Begin PBXFrameworksBuildPhase section */
		F9B88F5A1AB15E2E00B9A63D /* Frameworks */ = {
			isa = PBXFrameworksBuildPhase;
			buildActionMask = 2147483647;
			files = (
			);
			runOnlyForDeploymentPostprocessing = 0;
		};
		F9B88F731AB15E3000B9A63D /* Frameworks */ = {
			isa = PBXFrameworksBuildPhase;
			buildActionMask = 2147483647;
			files = (
			);
			runOnlyForDeploymentPostprocessing = 0;
		};
/* End PBXFrameworksBuildPhase section */

/* Begin PBXGroup section */
		F9B88F541AB15E2D00B9A63D = {
			isa = PBXGroup;
			children = (
				F9B88F5F1AB15E2E00B9A63D /* NotificationCenter */,
				F9B88F791AB15E3000B9A63D /* NotificationCenterTests */,
				F9B88F5E1AB15E2E00B9A63D /* Products */,
			);
			sourceTree = "<group>";
		};
		F9B88F5E1AB15E2E00B9A63D /* Products */ = {
			isa = PBXGroup;
			children = (
				F9B88F5D1AB15E2E00B9A63D /* NotificationCenter.app */,
				F9B88F761AB15E3000B9A63D /* NotificationCenterTests.xctest */,
			);
			name = Products;
			sourceTree = "<group>";
		};
		F9B88F5F1AB15E2E00B9A63D /* NotificationCenter */ = {
			isa = PBXGroup;
			children = (
				F9B88F641AB15E2F00B9A63D /* AppDelegate.h */,
				F9B88F651AB15E2F00B9A63D /* AppDelegate.m */,
				F9B88F671AB15E2F00B9A63D /* ViewController.h */,
				F9B88F681AB15E2F00B9A63D /* ViewController.m */,
				F9B88F6A1AB15E2F00B9A63D /* Main.storyboard */,
				F9B88F6D1AB15E3000B9A63D /* Images.xcassets */,
				F9B88F6F1AB15E3000B9A63D /* LaunchScreen.xib */,
				F9B88F601AB15E2E00B9A63D /* Supporting Files */,
			);
			path = NotificationCenter;
			sourceTree = "<group>";
		};
		F9B88F601AB15E2E00B9A63D /* Supporting Files */ = {
			isa = PBXGroup;
			children = (
				F9B88F611AB15E2E00B9A63D /* Info.plist */,
				F9B88F621AB15E2E00B9A63D /* main.m */,
			);
			name = "Supporting Files";
			sourceTree = "<group>";
		};
		F9B88F791AB15E3000B9A63D /* NotificationCenterTests */ = {
			isa = PBXGroup;
			children = (
				F9B88F7C1AB15E3000B9A63D /* NotificationCenterTests.m */,
				F9B88F7A1AB15E3000B9A63D /* Supporting Files */,
			);
			path = NotificationCenterTests;
			sourceTree = "<group>";
		};
		F9B88F7A1AB15E3000B9A63D /* Supporting Files */ = {
			isa = PBXGroup;
			children = (
				F9B88F7B1AB15E3000B9A63D /* Info.plist */,
			);
			name = "Supporting Files";
			sourceTree = "<group>";
		};
/* End PBXGroup section */

/* Begin PBXNativeTarget section */
		F9B88F5C1AB15E2E00B9A63D /* NotificationCenter */ = {
			isa = PBXNativeTarget;
			buildConfigurationList = F9B88F801AB15E3000B9A63D /* Build configuration list for PBXNativeTarget "NotificationCenter" */;
			buildPhases = (
				F9B88F591AB15E2E00B9A63D /* Sources */,
				F9B88F5A1AB15E2E00B9A63D /* Frameworks */,
				F9B88F5B1AB15E2E00B9A63D /* Resources */,
			);
			buildRules = (
			);
			dependencies = (
			);
			name = NotificationCenter;
			productName = NotificationCenter;
			productReference = F9B88F5D1AB15E2E00B9A63D /* NotificationCenter.app */;
			productType = "com.apple.product-type.application";
		};
		F9B88F751AB15E3000B9A63D /* NotificationCenterTests */ = {
			isa = PBXNativeTarget;
			buildConfigurationList = F9B88F831AB15E3000B9A63D /* Build configuration list for PBXNativeTarget "NotificationCenterTests" */;
			buildPhases = (
				F9B88F721AB15E3000B9A63D /* Sources */,
				F9B88F731AB15E3000B9A63D /* Frameworks */,
				F9B88F741AB15E3000B9A63D /* Resources */,
			);
			buildRules = (
			);
			dependencies = (
				F9B88F781AB15E3000B9A63D /* PBXTargetDependency */,
			);
			name = NotificationCenterTests;
			productName = NotificationCenterTests;
			productReference = F9B88F761AB15E3000B9A63D /* NotificationCenterTests.xctest */;
			productType = "com.apple.product-type.bundle.unit-test";
		};
/* End PBXNativeTarget section */

/* Begin PBXProject section */
		F9B88F551AB15E2D00B9A63D /* Project object */ = {
			isa = PBXProject;
			attributes = {
				LastUpgradeCheck = 0610;
				ORGANIZATIONNAME = beila;
				TargetAttributes = {
					F9B88F5C1AB15E2E00B9A63D = {
						CreatedOnToolsVersion = 6.1.1;
					};
					F9B88F751AB15E3000B9A63D = {
						CreatedOnToolsVersion = 6.1.1;
						TestTargetID = F9B88F5C1AB15E2E00B9A63D;
					};
				};
			};
			buildConfigurationList = F9B88F581AB15E2D00B9A63D /* Build configuration list for PBXProject "NotificationCenter" */;
			compatibilityVersion = "Xcode 3.2";
			developmentRegion = English;
			hasScannedForEncodings = 0;
			knownRegions = (
				en,
				Base,
			);
			mainGroup = F9B88F541AB15E2D00B9A63D;
			productRefGroup = F9B88F5E1AB15E2E00B9A63D /* Products */;
			projectDirPath = "";
			projectRoot = "";
			targets = (
				F9B88F5C1AB15E2E00B9A63D /* NotificationCenter */,
				F9B88F751AB15E3000B9A63D /* NotificationCenterTests */,
			);
		};
/* End PBXProject section */

/* Begin PBXResourcesBuildPhase section */
		F9B88F5B1AB15E2E00B9A63D /* Resources */ = {
			isa = PBXResourcesBuildPhase;
			buildActionMask = 2147483647;
			files = (
				F9B88F6C1AB15E2F00B9A63D /* Main.storyboard in Resources */,
				F9B88F711AB15E3000B9A63D /* LaunchScreen.xib in Resources */,
				F9B88F6E1AB15E3000B9A63D /* Images.xcassets in Resources */,
			);
			runOnlyForDeploymentPostprocessing = 0;
		};
		F9B88F741AB15E3000B9A63D /* Resources */ = {
			isa = PBXResourcesBuildPhase;
			buildActionMask = 2147483647;
			files = (
			);
			runOnlyForDeploymentPostprocessing = 0;
		};
/* End PBXResourcesBuildPhase section */

/* Begin PBXSourcesBuildPhase section */
		F9B88F591AB15E2E00B9A63D /* Sources */ = {
			isa = PBXSourcesBuildPhase;
			buildActionMask = 2147483647;
			files = (
				F9B88F691AB15E2F00B9A63D /* ViewController.m in Sources */,
				F9B88F661AB15E2F00B9A63D /* AppDelegate.m in Sources */,
				F9B88F631AB15E2E00B9A63D /* main.m in Sources */,
			);
			runOnlyForDeploymentPostprocessing = 0;
		};
		F9B88F721AB15E3000B9A63D /* Sources */ = {
			isa = PBXSourcesBuildPhase;
			buildActionMask = 2147483647;
			files = (
				F9B88F7D1AB15E3000B9A63D /* NotificationCenterTests.m in Sources */,
			);
			runOnlyForDeploymentPostprocessing = 0;
		};
/* End PBXSourcesBuildPhase section */

/* Begin PBXTargetDependency section */
		F9B88F781AB15E3000B9A63D /* PBXTargetDependency */ = {
			isa = PBXTargetDependency;
			target = F9B88F5C1AB15E2E00B9A63D /* NotificationCenter */;
			targetProxy = F9B88F771AB15E3000B9A63D /* PBXContainerItemProxy */;
		};
/* End PBXTargetDependency section */

/* Begin PBXVariantGroup section */
		F9B88F6A1AB15E2F00B9A63D /* Main.storyboard */ = {
			isa = PBXVariantGroup;
			children = (
				F9B88F6B1AB15E2F00B9A63D /* Base */,
			);
			name = Main.storyboard;
			sourceTree = "<group>";
		};
		F9B88F6F1AB15E3000B9A63D /* LaunchScreen.xib */ = {
			isa = PBXVariantGroup;
			children = (
				F9B88F701AB15E3000B9A63D /* Base */,
			);
			name = LaunchScreen.xib;
			sourceTree = "<group>";
		};
/* End PBXVariantGroup section */

/* Begin XCBuildConfiguration section */
		F9B88F7E1AB15E3000B9A63D /* Debug */ = {
			isa = XCBuildConfiguration;
			buildSettings = {
				ALWAYS_SEARCH_USER_PATHS = NO;
				CLANG_CXX_LANGUAGE_STANDARD = "gnu++0x";
				CLANG_CXX_LIBRARY = "libc++";
				CLANG_ENABLE_MODULES = YES;
				CLANG_ENABLE_OBJC_ARC = YES;
				CLANG_WARN_BOOL_CONVERSION = YES;
				CLANG_WARN_CONSTANT_CONVERSION = YES;
				CLANG_WARN_DIRECT_OBJC_ISA_USAGE = YES_ERROR;
				CLANG_WARN_EMPTY_BODY = YES;
				CLANG_WARN_ENUM_CONVERSION = YES;
				CLANG_WARN_INT_CONVERSION = YES;
				CLANG_WARN_OBJC_ROOT_CLASS = YES_ERROR;
				CLANG_WARN_UNREACHABLE_CODE = YES;
				CLANG_WARN__DUPLICATE_METHOD_MATCH = YES;
				"CODE_SIGN_IDENTITY[sdk=iphoneos*]" = "iPhone Developer";
				COPY_PHASE_STRIP = NO;
				ENABLE_STRICT_OBJC_MSGSEND = YES;
				GCC_C_LANGUAGE_STANDARD = gnu99;
				GCC_DYNAMIC_NO_PIC = NO;
				GCC_OPTIMIZATION_LEVEL = 0;
				GCC_PREPROCESSOR_DEFINITIONS = (
					"DEBUG=1",
					"$(inherited)",
				);
				GCC_SYMBOLS_PRIVATE_EXTERN = NO;
				GCC_WARN_64_TO_32_BIT_CONVERSION = YES;
				GCC_WARN_ABOUT_RETURN_TYPE = YES_ERROR;
				GCC_WARN_UNDECLARED_SELECTOR = YES;
				GCC_WARN_UNINITIALIZED_AUTOS = YES_AGGRESSIVE;
				GCC_WARN_UNUSED_FUNCTION = YES;
				GCC_WARN_UNUSED_VARIABLE = YES;
				IPHONEOS_DEPLOYMENT_TARGET = 8.1;
				MTL_ENABLE_DEBUG_INFO = YES;
				ONLY_ACTIVE_ARCH = YES;
				SDKROOT = iphoneos;
			};
			name = Debug;
		};
		F9B88F7F1AB15E3000B9A63D /* Release */ = {
			isa = XCBuildConfiguration;
			buildSettings = {
				ALWAYS_SEARCH_USER_PATHS = NO;
				CLANG_CXX_LANGUAGE_STANDARD = "gnu++0x";
				CLANG_CXX_LIBRARY = "libc++";
				CLANG_ENABLE_MODULES = YES;
				CLANG_ENABLE_OBJC_ARC = YES;
				CLANG_WARN_BOOL_CONVERSION = YES;
				CLANG_WARN_CONSTANT_CONVERSION = YES;
				CLANG_WARN_DIRECT_OBJC_ISA_USAGE = YES_ERROR;
				CLANG_WARN_EMPTY_BODY = YES;
				CLANG_WARN_ENUM_CONVERSION = YES;
				CLANG_WARN_INT_CONVERSION = YES;
				CLANG_WARN_OBJC_ROOT_CLASS = YES_ERROR;
				CLANG_WARN_UNREACHABLE_CODE = YES;
				CLANG_WARN__DUPLICATE_METHOD_MATCH = YES;
				"CODE_SIGN_IDENTITY[sdk=iphoneos*]" = "iPhone Developer";
				COPY_PHASE_STRIP = YES;
				ENABLE_NS_ASSERTIONS = NO;
				ENABLE_STRICT_OBJC_MSGSEND = YES;
				GCC_C_LANGUAGE_STANDARD = gnu99;
				GCC_WARN_64_TO_32_BIT_CONVERSION = YES;
				GCC_WARN_ABOUT_RETURN_TYPE = YES_ERROR;
				GCC_WARN_UNDECLARED_SELECTOR = YES;
				GCC_WARN_UNINITIALIZED_AUTOS = YES_AGGRESSIVE;
				GCC_WARN_UNUSED_FUNCTION = YES;
				GCC_WARN_UNUSED_VARIABLE = YES;
				IPHONEOS_DEPLOYMENT_TARGET = 8.1;
				MTL_ENABLE_DEBUG_INFO = NO;
				SDKROOT = iphoneos;
				VALIDATE_PRODUCT = YES;
			};
			name = Release;
		};
		F9B88F811AB15E3000B9A63D /* Debug */ = {
			isa = XCBuildConfiguration;
			buildSettings = {
				ASSETCATALOG_COMPILER_APPICON_NAME = AppIcon;
				INFOPLIST_FILE = NotificationCenter/Info.plist;
				LD_RUNPATH_SEARCH_PATHS = "$(inherited) @executable_path/Frameworks";
				PRODUCT_NAME = "$(TARGET_NAME)";
			};
			name = Debug;
		};
		F9B88F821AB15E3000B9A63D /* Release */ = {
			isa = XCBuildConfiguration;
			buildSettings = {
				ASSETCATALOG_COMPILER_APPICON_NAME = AppIcon;
				INFOPLIST_FILE = NotificationCenter/Info.plist;
				LD_RUNPATH_SEARCH_PATHS = "$(inherited) @executable_path/Frameworks";
				PRODUCT_NAME = "$(TARGET_NAME)";
			};
			name = Release;
		};
		F9B88F841AB15E3000B9A63D /* Debug */ = {
			isa = XCBuildConfiguration;
			buildSettings = {
				BUNDLE_LOADER = "$(TEST_HOST)";
				FRAMEWORK_SEARCH_PATHS = (
					"$(SDKROOT)/Developer/Library/Frameworks",
					"$(inherited)",
				);
				GCC_PREPROCESSOR_DEFINITIONS = (
					"DEBUG=1",
					"$(inherited)",
				);
				INFOPLIST_FILE = NotificationCenterTests/Info.plist;
				LD_RUNPATH_SEARCH_PATHS = "$(inherited) @executable_path/Frameworks @loader_path/Frameworks";
				PRODUCT_NAME = "$(TARGET_NAME)";
				TEST_HOST = "$(BUILT_PRODUCTS_DIR)/NotificationCenter.app/NotificationCenter";
			};
			name = Debug;
		};
		F9B88F851AB15E3000B9A63D /* Release */ = {
			isa = XCBuildConfiguration;
			buildSettings = {
				BUNDLE_LOADER = "$(TEST_HOST)";
				FRAMEWORK_SEARCH_PATHS = (
					"$(SDKROOT)/Developer/Library/Frameworks",
					"$(inherited)",
				);
				INFOPLIST_FILE = NotificationCenterTests/Info.plist;
				LD_RUNPATH_SEARCH_PATHS = "$(inherited) @executable_path/Frameworks @loader_path/Frameworks";
				PRODUCT_NAME = "$(TARGET_NAME)";
				TEST_HOST = "$(BUILT_PRODUCTS_DIR)/NotificationCenter.app/NotificationCenter";
			};
			name = Release;
		};
/* End XCBuildConfiguration section */

/* Begin XCConfigurationList section */
		F9B88F581AB15E2D00B9A63D /* Build configuration list for PBXProject "NotificationCenter" */ = {
			isa = XCConfigurationList;
			buildConfigurations = (
				F9B88F7E1AB15E3000B9A63D /* Debug */,
				F9B88F7F1AB15E3000B9A63D /* Release */,
			);
			defaultConfigurationIsVisible = 0;
			defaultConfigurationName = Release;
		};
		F9B88F801AB15E3000B9A63D /* Build configuration list for PBXNativeTarget "NotificationCenter" */ = {
			isa = XCConfigurationList;
			buildConfigurations = (
				F9B88F811AB15E3000B9A63D /* Debug */,
				F9B88F821AB15E3000B9A63D /* Release */,
			);
			defaultConfigurationIsVisible = 0;
		};
		F9B88F831AB15E3000B9A63D /* Build configuration list for PBXNativeTarget "NotificationCenterTests" */ = {
			isa = XCConfigurationList;
			buildConfigurations = (
				F9B88F841AB15E3000B9A63D /* Debug */,
				F9B88F851AB15E3000B9A63D /* Release */,
			);
			defaultConfigurationIsVisible = 0;
		};
/* End XCConfigurationList section */
	};
	rootObject = F9B88F551AB15E2D00B9A63D /* Project object */;
}
